{
  "version": 4,
  "terraform_version": "1.9.2",
  "serial": 132,
  "lineage": "7e447417-7097-85b5-4d72-884ceb3fa255",
  "outputs": {
    "vm_key_filename": {
      "value": {
        "vm-1": "./ssh_keys/ssh_key_vm-1",
        "vm-2": "./ssh_keys/ssh_key_vm-2",
        "vm-3": "./ssh_keys/ssh_key_vm-3"
      },
      "type": [
        "object",
        {
          "vm-1": "string",
          "vm-2": "string",
          "vm-3": "string"
        }
      ]
    }
  },
  "resources": [
    {
      "mode": "managed",
      "type": "local_file",
      "name": "private_key",
      "provider": "provider[\"registry.terraform.io/hashicorp/local\"]",
      "instances": [
        {
          "index_key": "vm-1",
          "schema_version": 0,
          "attributes": {
            "content": "-----BEGIN EC PRIVATE KEY-----\nMHcCAQEEIOVadGPcg4GEP3fageY+49e8mnGYy/TbR/XUuPZ+FiEkoAoGCCqGSM49\nAwEHoUQDQgAECJvupTjiCYvx794TOUWTQrIOGnl9Y/rBHz5qUwG2vhc7fEaj3tf0\nDDASacLng2rTFA/PW31K3ZsYmGI2Ng4raw==\n-----END EC PRIVATE KEY-----\n",
            "content_base64": null,
            "content_base64sha256": "SDrU1oMlETo895VXFrJaJ+Wmu1BkEvwe+xFZ6+W+2/g=",
            "content_base64sha512": "TXEFcxrB+gA9YtoxXq5Yqq2uIENQHEPEtBMkw2CLVc2n86QxoWyGuZhRe2revBcuq9xmt80kYurbhca18VZ+PQ==",
            "content_md5": "66e036955dee7e9fbc03cd200818d3f8",
            "content_sha1": "2b6df47bc2045c721ae97435153f534663935ddb",
            "content_sha256": "483ad4d68325113a3cf7955716b25a27e5a6bb506412fc1efb1159ebe5bedbf8",
            "content_sha512": "4d7105731ac1fa003d62da315eae58aaadae2043501c43c4b41324c3608b55cda7f3a431a16c86b998517b6adebc172eabdc66b7cd2462eadb85c6b5f1567e3d",
            "directory_permission": "0777",
            "file_permission": "600",
            "filename": "./ssh_keys/ssh_key_vm-1",
            "id": "2b6df47bc2045c721ae97435153f534663935ddb",
            "sensitive_content": null,
            "source": null
          },
          "sensitive_attributes": [
            [
              {
                "type": "get_attr",
                "value": "content"
              }
            ],
            [
              {
                "type": "get_attr",
                "value": "sensitive_content"
              }
            ]
          ],
          "dependencies": [
            "tls_private_key.ssh"
          ]
        },
        {
          "index_key": "vm-2",
          "schema_version": 0,
          "attributes": {
            "content": "-----BEGIN EC PRIVATE KEY-----\nMHcCAQEEIE6w3eW0zTiOJcN2D3FGrU7fmqk41NkNOBWnHTg91QJGoAoGCCqGSM49\nAwEHoUQDQgAEVDuPosoNPL+ASPmmkh7QJg81ifPpcT4DEVzBCdZDU1u/6d7Hutwo\n71lOI4Vqs4D9rAl2yxime/G+X6pXKK9cmQ==\n-----END EC PRIVATE KEY-----\n",
            "content_base64": null,
            "content_base64sha256": "nvqhQQW22a6FuL8pBNSvM9XHyhQYzS9MSDYPdudzoFc=",
            "content_base64sha512": "UPQY1t5yBVMF7Mn8AnkaiPnj8A8aBxVC8gC+7zI/R/tgbftQOpwbEMr5y3NLNbp/o1kMp2Yd+ltRREL5cSpXCA==",
            "content_md5": "c656600a30815730905689cdc267bf94",
            "content_sha1": "02b302060b3027b76b5c7734128316af08bac376",
            "content_sha256": "9efaa14105b6d9ae85b8bf2904d4af33d5c7ca1418cd2f4c48360f76e773a057",
            "content_sha512": "50f418d6de72055305ecc9fc02791a88f9e3f00f1a071542f200beef323f47fb606dfb503a9c1b10caf9cb734b35ba7fa3590ca7661dfa5b514442f9712a5708",
            "directory_permission": "0777",
            "file_permission": "600",
            "filename": "./ssh_keys/ssh_key_vm-2",
            "id": "02b302060b3027b76b5c7734128316af08bac376",
            "sensitive_content": null,
            "source": null
          },
          "sensitive_attributes": [
            [
              {
                "type": "get_attr",
                "value": "sensitive_content"
              }
            ],
            [
              {
                "type": "get_attr",
                "value": "content"
              }
            ]
          ],
          "dependencies": [
            "tls_private_key.ssh"
          ]
        },
        {
          "index_key": "vm-3",
          "schema_version": 0,
          "attributes": {
            "content": "-----BEGIN EC PRIVATE KEY-----\nMHcCAQEEIEvHbsyNzn1cfewNBMDr/XOJfVA9Pqqq2TekOs59rQCIoAoGCCqGSM49\nAwEHoUQDQgAEU/pW9Bfl8LewHmWitY5pqubtZQJl68qi3DxZszG4Z8jsHHLql5c/\nHHKhDd9wk3FxZMazwoFyEOXA3/YSVQQfbg==\n-----END EC PRIVATE KEY-----\n",
            "content_base64": null,
            "content_base64sha256": "jMx3yKus1UOxK4GDtQ/39dJb2d3Q/yryhAZcQkuCIXs=",
            "content_base64sha512": "7LsTMTV9aHE0qrFKL8LAdNw5gV7r5OSeuuJdaRlClP6s9S89jX50Y1hJ+cQ5LT+cPvak27AE/AIsw3UuDIAtdQ==",
            "content_md5": "848c5b526c6f8ae45d950eb73495065e",
            "content_sha1": "9e1a6e92d80df001d13b45aaac3b9d6b88222960",
            "content_sha256": "8ccc77c8abacd543b12b8183b50ff7f5d25bd9ddd0ff2af284065c424b82217b",
            "content_sha512": "ecbb1331357d687134aab14a2fc2c074dc39815eebe4e49ebae25d69194294feacf52f3d8d7e74635849f9c4392d3f9c3ef6a4dbb004fc022cc3752e0c802d75",
            "directory_permission": "0777",
            "file_permission": "600",
            "filename": "./ssh_keys/ssh_key_vm-3",
            "id": "9e1a6e92d80df001d13b45aaac3b9d6b88222960",
            "sensitive_content": null,
            "source": null
          },
          "sensitive_attributes": [
            [
              {
                "type": "get_attr",
                "value": "content"
              }
            ],
            [
              {
                "type": "get_attr",
                "value": "sensitive_content"
              }
            ]
          ],
          "dependencies": [
            "tls_private_key.ssh"
          ]
        }
      ]
    },
    {
      "mode": "managed",
      "type": "tls_private_key",
      "name": "ssh",
      "provider": "provider[\"registry.terraform.io/hashicorp/tls\"]",
      "instances": [
        {
          "index_key": "vm-1",
          "schema_version": 1,
          "attributes": {
            "algorithm": "ECDSA",
            "ecdsa_curve": "P256",
            "id": "23d0155f4036a1796deb9b59b2ce4b36facfe7bd",
            "private_key_openssh": "-----BEGIN OPENSSH PRIVATE KEY-----\nb3BlbnNzaC1rZXktdjEAAAAABG5vbmUAAAAEbm9uZQAAAAAAAAABAAAAaAAAABNl\nY2RzYS1zaGEyLW5pc3RwMjU2AAAACG5pc3RwMjU2AAAAQQQIm+6lOOIJi/Hv3hM5\nRZNCsg4aeX1j+sEfPmpTAba+Fzt8RqPe1/QMMBJpwueDatMUD89bfUrdmxiYYjY2\nDitrAAAAoAmISmcJiEpnAAAAE2VjZHNhLXNoYTItbmlzdHAyNTYAAAAIbmlzdHAy\nNTYAAABBBAib7qU44gmL8e/eEzlFk0KyDhp5fWP6wR8+alMBtr4XO3xGo97X9Aww\nEmnC54Nq0xQPz1t9St2bGJhiNjYOK2sAAAAhAOVadGPcg4GEP3fageY+49e8mnGY\ny/TbR/XUuPZ+FiEkAAAAAAECAwQFBgc=\n-----END OPENSSH PRIVATE KEY-----\n",
            "private_key_pem": "-----BEGIN EC PRIVATE KEY-----\nMHcCAQEEIOVadGPcg4GEP3fageY+49e8mnGYy/TbR/XUuPZ+FiEkoAoGCCqGSM49\nAwEHoUQDQgAECJvupTjiCYvx794TOUWTQrIOGnl9Y/rBHz5qUwG2vhc7fEaj3tf0\nDDASacLng2rTFA/PW31K3ZsYmGI2Ng4raw==\n-----END EC PRIVATE KEY-----\n",
            "private_key_pem_pkcs8": "-----BEGIN PRIVATE KEY-----\nMIGHAgEAMBMGByqGSM49AgEGCCqGSM49AwEHBG0wawIBAQQg5Vp0Y9yDgYQ/d9qB\n5j7j17yacZjL9NtH9dS49n4WISShRANCAAQIm+6lOOIJi/Hv3hM5RZNCsg4aeX1j\n+sEfPmpTAba+Fzt8RqPe1/QMMBJpwueDatMUD89bfUrdmxiYYjY2Ditr\n-----END PRIVATE KEY-----\n",
            "public_key_fingerprint_md5": "7d:fa:44:85:2e:c4:ed:fd:ca:68:e2:bf:a9:34:27:28",
            "public_key_fingerprint_sha256": "SHA256:RHn4FX8HjXGN+UYRdaN2UKBHI9+08XIl53/G9B9XeRU",
            "public_key_openssh": "ecdsa-sha2-nistp256 AAAAE2VjZHNhLXNoYTItbmlzdHAyNTYAAAAIbmlzdHAyNTYAAABBBAib7qU44gmL8e/eEzlFk0KyDhp5fWP6wR8+alMBtr4XO3xGo97X9AwwEmnC54Nq0xQPz1t9St2bGJhiNjYOK2s=\n",
            "public_key_pem": "-----BEGIN PUBLIC KEY-----\nMFkwEwYHKoZIzj0CAQYIKoZIzj0DAQcDQgAECJvupTjiCYvx794TOUWTQrIOGnl9\nY/rBHz5qUwG2vhc7fEaj3tf0DDASacLng2rTFA/PW31K3ZsYmGI2Ng4raw==\n-----END PUBLIC KEY-----\n",
            "rsa_bits": 2048
          },
          "sensitive_attributes": [
            [
              {
                "type": "get_attr",
                "value": "private_key_openssh"
              }
            ],
            [
              {
                "type": "get_attr",
                "value": "private_key_pem"
              }
            ],
            [
              {
                "type": "get_attr",
                "value": "private_key_pem_pkcs8"
              }
            ]
          ]
        },
        {
          "index_key": "vm-2",
          "schema_version": 1,
          "attributes": {
            "algorithm": "ECDSA",
            "ecdsa_curve": "P256",
            "id": "fc5c777019bfe5b1f99424c815045b6110d1ea9c",
            "private_key_openssh": "-----BEGIN OPENSSH PRIVATE KEY-----\nb3BlbnNzaC1rZXktdjEAAAAABG5vbmUAAAAEbm9uZQAAAAAAAAABAAAAaAAAABNl\nY2RzYS1zaGEyLW5pc3RwMjU2AAAACG5pc3RwMjU2AAAAQQRUO4+iyg08v4BI+aaS\nHtAmDzWJ8+lxPgMRXMEJ1kNTW7/p3se63CjvWU4jhWqzgP2sCXbLGKZ78b5fqlco\nr1yZAAAAmHpc6C56XOguAAAAE2VjZHNhLXNoYTItbmlzdHAyNTYAAAAIbmlzdHAy\nNTYAAABBBFQ7j6LKDTy/gEj5ppIe0CYPNYnz6XE+AxFcwQnWQ1Nbv+nex7rcKO9Z\nTiOFarOA/awJdssYpnvxvl+qVyivXJkAAAAgTrDd5bTNOI4lw3YPcUatTt+aqTjU\n2Q04FacdOD3VAkYAAAAA\n-----END OPENSSH PRIVATE KEY-----\n",
            "private_key_pem": "-----BEGIN EC PRIVATE KEY-----\nMHcCAQEEIE6w3eW0zTiOJcN2D3FGrU7fmqk41NkNOBWnHTg91QJGoAoGCCqGSM49\nAwEHoUQDQgAEVDuPosoNPL+ASPmmkh7QJg81ifPpcT4DEVzBCdZDU1u/6d7Hutwo\n71lOI4Vqs4D9rAl2yxime/G+X6pXKK9cmQ==\n-----END EC PRIVATE KEY-----\n",
            "private_key_pem_pkcs8": "-----BEGIN PRIVATE KEY-----\nMIGHAgEAMBMGByqGSM49AgEGCCqGSM49AwEHBG0wawIBAQQgTrDd5bTNOI4lw3YP\ncUatTt+aqTjU2Q04FacdOD3VAkahRANCAARUO4+iyg08v4BI+aaSHtAmDzWJ8+lx\nPgMRXMEJ1kNTW7/p3se63CjvWU4jhWqzgP2sCXbLGKZ78b5fqlcor1yZ\n-----END PRIVATE KEY-----\n",
            "public_key_fingerprint_md5": "07:ee:dd:35:d5:57:22:8d:16:fc:9d:c9:0d:7c:93:5b",
            "public_key_fingerprint_sha256": "SHA256:IJlnTVh0bBgXvvtKeSfCAQf01Q2QRTbVSKq32mBccYk",
            "public_key_openssh": "ecdsa-sha2-nistp256 AAAAE2VjZHNhLXNoYTItbmlzdHAyNTYAAAAIbmlzdHAyNTYAAABBBFQ7j6LKDTy/gEj5ppIe0CYPNYnz6XE+AxFcwQnWQ1Nbv+nex7rcKO9ZTiOFarOA/awJdssYpnvxvl+qVyivXJk=\n",
            "public_key_pem": "-----BEGIN PUBLIC KEY-----\nMFkwEwYHKoZIzj0CAQYIKoZIzj0DAQcDQgAEVDuPosoNPL+ASPmmkh7QJg81ifPp\ncT4DEVzBCdZDU1u/6d7Hutwo71lOI4Vqs4D9rAl2yxime/G+X6pXKK9cmQ==\n-----END PUBLIC KEY-----\n",
            "rsa_bits": 2048
          },
          "sensitive_attributes": [
            [
              {
                "type": "get_attr",
                "value": "private_key_pem_pkcs8"
              }
            ],
            [
              {
                "type": "get_attr",
                "value": "private_key_openssh"
              }
            ],
            [
              {
                "type": "get_attr",
                "value": "private_key_pem"
              }
            ]
          ]
        },
        {
          "index_key": "vm-3",
          "schema_version": 1,
          "attributes": {
            "algorithm": "ECDSA",
            "ecdsa_curve": "P256",
            "id": "aea351b4e4edd55c55e5fa6c8f9b9c4d596e4f7e",
            "private_key_openssh": "-----BEGIN OPENSSH PRIVATE KEY-----\nb3BlbnNzaC1rZXktdjEAAAAABG5vbmUAAAAEbm9uZQAAAAAAAAABAAAAaAAAABNl\nY2RzYS1zaGEyLW5pc3RwMjU2AAAACG5pc3RwMjU2AAAAQQRT+lb0F+Xwt7AeZaK1\njmmq5u1lAmXryqLcPFmzMbhnyOwccuqXlz8ccqEN33CTcXFkxrPCgXIQ5cDf9hJV\nBB9uAAAAmJSNHYGUjR2BAAAAE2VjZHNhLXNoYTItbmlzdHAyNTYAAAAIbmlzdHAy\nNTYAAABBBFP6VvQX5fC3sB5lorWOaarm7WUCZevKotw8WbMxuGfI7Bxy6peXPxxy\noQ3fcJNxcWTGs8KBchDlwN/2ElUEH24AAAAgS8duzI3OfVx97A0EwOv9c4l9UD0+\nqqrZN6Q6zn2tAIgAAAAA\n-----END OPENSSH PRIVATE KEY-----\n",
            "private_key_pem": "-----BEGIN EC PRIVATE KEY-----\nMHcCAQEEIEvHbsyNzn1cfewNBMDr/XOJfVA9Pqqq2TekOs59rQCIoAoGCCqGSM49\nAwEHoUQDQgAEU/pW9Bfl8LewHmWitY5pqubtZQJl68qi3DxZszG4Z8jsHHLql5c/\nHHKhDd9wk3FxZMazwoFyEOXA3/YSVQQfbg==\n-----END EC PRIVATE KEY-----\n",
            "private_key_pem_pkcs8": "-----BEGIN PRIVATE KEY-----\nMIGHAgEAMBMGByqGSM49AgEGCCqGSM49AwEHBG0wawIBAQQgS8duzI3OfVx97A0E\nwOv9c4l9UD0+qqrZN6Q6zn2tAIihRANCAART+lb0F+Xwt7AeZaK1jmmq5u1lAmXr\nyqLcPFmzMbhnyOwccuqXlz8ccqEN33CTcXFkxrPCgXIQ5cDf9hJVBB9u\n-----END PRIVATE KEY-----\n",
            "public_key_fingerprint_md5": "e5:c3:cb:ed:6a:d8:16:da:f0:e0:f9:f2:70:31:56:0c",
            "public_key_fingerprint_sha256": "SHA256:q4PENzHqjCLUV+6nIga+7hNjl1Ngsm0Y/hPVqyxkTdI",
            "public_key_openssh": "ecdsa-sha2-nistp256 AAAAE2VjZHNhLXNoYTItbmlzdHAyNTYAAAAIbmlzdHAyNTYAAABBBFP6VvQX5fC3sB5lorWOaarm7WUCZevKotw8WbMxuGfI7Bxy6peXPxxyoQ3fcJNxcWTGs8KBchDlwN/2ElUEH24=\n",
            "public_key_pem": "-----BEGIN PUBLIC KEY-----\nMFkwEwYHKoZIzj0CAQYIKoZIzj0DAQcDQgAEU/pW9Bfl8LewHmWitY5pqubtZQJl\n68qi3DxZszG4Z8jsHHLql5c/HHKhDd9wk3FxZMazwoFyEOXA3/YSVQQfbg==\n-----END PUBLIC KEY-----\n",
            "rsa_bits": 2048
          },
          "sensitive_attributes": [
            [
              {
                "type": "get_attr",
                "value": "private_key_pem"
              }
            ],
            [
              {
                "type": "get_attr",
                "value": "private_key_pem_pkcs8"
              }
            ],
            [
              {
                "type": "get_attr",
                "value": "private_key_openssh"
              }
            ]
          ]
        }
      ]
    },
    {
      "mode": "managed",
      "type": "yandex_compute_disk",
      "name": "boot-disk",
      "provider": "provider[\"registry.terraform.io/yandex-cloud/yandex\"]",
      "instances": [
        {
          "index_key": "vm-1",
          "schema_version": 0,
          "attributes": {
            "allow_recreate": null,
            "block_size": 4096,
            "created_at": "2026-05-14T20:25:31Z",
            "description": "",
            "disk_placement_policy": [
              {
                "disk_placement_group_id": ""
              }
            ],
            "folder_id": "b1g24q1ulp9i1cnh14n5",
            "hardware_generation": [
              {
                "generation2_features": [],
                "legacy_features": [
                  {
                    "pci_topology": "PCI_TOPOLOGY_V2"
                  }
                ]
              }
            ],
            "id": "fhmgoofi03283nosddh0",
            "image_id": "fd82sqrj4uk9j7vlki3q",
            "kms_key_id": null,
            "labels": null,
            "name": "ubuntu-24-disk-01",
            "product_ids": [
              "f2e4aq4hh07j6g7ncshp"
            ],
            "size": 20,
            "snapshot_id": "",
            "status": "ready",
            "timeouts": null,
            "type": "network-hdd",
            "zone": "ru-central1-a"
          },
          "sensitive_attributes": [],
          "private": "eyJlMmJmYjczMC1lY2FhLTExZTYtOGY4OC0zNDM2M2JjN2M0YzAiOnsiY3JlYXRlIjozMDAwMDAwMDAwMDAsImRlbGV0ZSI6MzAwMDAwMDAwMDAwLCJ1cGRhdGUiOjMwMDAwMDAwMDAwMH19"
        },
        {
          "index_key": "vm-2",
          "schema_version": 0,
          "attributes": {
            "allow_recreate": null,
            "block_size": 4096,
            "created_at": "2026-05-14T20:25:31Z",
            "description": "",
            "disk_placement_policy": [
              {
                "disk_placement_group_id": ""
              }
            ],
            "folder_id": "b1g24q1ulp9i1cnh14n5",
            "hardware_generation": [
              {
                "generation2_features": [],
                "legacy_features": [
                  {
                    "pci_topology": "PCI_TOPOLOGY_V2"
                  }
                ]
              }
            ],
            "id": "fhmmkvfco256pvv8urfe",
            "image_id": "fd82sqrj4uk9j7vlki3q",
            "kms_key_id": null,
            "labels": null,
            "name": "ubuntu-24-disk-02",
            "product_ids": [
              "f2e4aq4hh07j6g7ncshp"
            ],
            "size": 20,
            "snapshot_id": "",
            "status": "ready",
            "timeouts": null,
            "type": "network-hdd",
            "zone": "ru-central1-a"
          },
          "sensitive_attributes": [],
          "private": "eyJlMmJmYjczMC1lY2FhLTExZTYtOGY4OC0zNDM2M2JjN2M0YzAiOnsiY3JlYXRlIjozMDAwMDAwMDAwMDAsImRlbGV0ZSI6MzAwMDAwMDAwMDAwLCJ1cGRhdGUiOjMwMDAwMDAwMDAwMH19"
        },
        {
          "index_key": "vm-3",
          "schema_version": 0,
          "attributes": {
            "allow_recreate": null,
            "block_size": 4096,
            "created_at": "2026-05-14T20:25:31Z",
            "description": "",
            "disk_placement_policy": [
              {
                "disk_placement_group_id": ""
              }
            ],
            "folder_id": "b1g24q1ulp9i1cnh14n5",
            "hardware_generation": [
              {
                "generation2_features": [],
                "legacy_features": [
                  {
                    "pci_topology": "PCI_TOPOLOGY_V2"
                  }
                ]
              }
            ],
            "id": "fhml4r5rm2h2u5cnio8i",
            "image_id": "fd82sqrj4uk9j7vlki3q",
            "kms_key_id": null,
            "labels": null,
            "name": "ubuntu-24-disk-03",
            "product_ids": [
              "f2e4aq4hh07j6g7ncshp"
            ],
            "size": 20,
            "snapshot_id": "",
            "status": "ready",
            "timeouts": null,
            "type": "network-hdd",
            "zone": "ru-central1-a"
          },
          "sensitive_attributes": [],
          "private": "eyJlMmJmYjczMC1lY2FhLTExZTYtOGY4OC0zNDM2M2JjN2M0YzAiOnsiY3JlYXRlIjozMDAwMDAwMDAwMDAsImRlbGV0ZSI6MzAwMDAwMDAwMDAwLCJ1cGRhdGUiOjMwMDAwMDAwMDAwMH19"
        }
      ]
    },
    {
      "mode": "managed",
      "type": "yandex_compute_instance",
      "name": "virtual_machine",
      "provider": "provider[\"registry.terraform.io/yandex-cloud/yandex\"]",
      "instances": [
        {
          "index_key": "vm-1",
          "status": "tainted",
          "schema_version": 1,
          "attributes": {
            "allow_recreate": null,
            "allow_stopping_for_update": null,
            "boot_disk": [
              {
                "auto_delete": true,
                "device_name": "",
                "disk_id": "fhmgoofi03283nosddh0",
                "initialize_params": [],
                "mode": ""
              }
            ],
            "created_at": null,
            "description": null,
            "filesystem": [],
            "folder_id": null,
            "fqdn": null,
            "gpu_cluster_id": null,
            "hardware_generation": null,
            "hostname": null,
            "id": "fhmmfa86gnrb8q1rkhs1",
            "labels": null,
            "local_disk": [],
            "maintenance_grace_period": null,
            "maintenance_policy": null,
            "metadata": {
              "ssh-keys": "ubuntu:ecdsa-sha2-nistp256 AAAAE2VjZHNhLXNoYTItbmlzdHAyNTYAAAAIbmlzdHAyNTYAAABBBAib7qU44gmL8e/eEzlFk0KyDhp5fWP6wR8+alMBtr4XO3xGo97X9AwwEmnC54Nq0xQPz1t9St2bGJhiNjYOK2s=\n"
            },
            "metadata_options": null,
            "name": "ubuntu-24-01",
            "network_acceleration_type": "standard",
            "network_interface": [
              {
                "dns_record": [],
                "index": 0,
                "ip_address": "",
                "ipv4": true,
                "ipv6": false,
                "ipv6_address": "",
                "ipv6_dns_record": [],
                "mac_address": "",
                "nat": true,
                "nat_dns_record": [],
                "nat_ip_address": "",
                "nat_ip_version": "",
                "security_group_ids": null,
                "subnet_id": "e9b1tf69odfmtra608ml"
              }
            ],
            "placement_policy": null,
            "platform_id": "standard-v1",
            "resources": [
              {
                "core_fraction": 100,
                "cores": 2,
                "gpus": 0,
                "memory": 2
              }
            ],
            "scheduling_policy": null,
            "secondary_disk": [],
            "service_account_id": null,
            "status": null,
            "timeouts": null,
            "zone": null
          },
          "sensitive_attributes": [],
          "private": "eyJlMmJmYjczMC1lY2FhLTExZTYtOGY4OC0zNDM2M2JjN2M0YzAiOnsiY3JlYXRlIjozMDAwMDAwMDAwMDAsImRlbGV0ZSI6MzAwMDAwMDAwMDAwLCJ1cGRhdGUiOjMwMDAwMDAwMDAwMH0sInNjaGVtYV92ZXJzaW9uIjoiMSJ9",
          "dependencies": [
            "tls_private_key.ssh",
            "yandex_compute_disk.boot-disk",
            "yandex_vpc_network.network-1",
            "yandex_vpc_subnet.subnet-1"
          ]
        },
        {
          "index_key": "vm-2",
          "status": "tainted",
          "schema_version": 1,
          "attributes": {
            "allow_recreate": null,
            "allow_stopping_for_update": null,
            "boot_disk": [
              {
                "auto_delete": true,
                "device_name": "",
                "disk_id": "fhmmkvfco256pvv8urfe",
                "initialize_params": [],
                "mode": ""
              }
            ],
            "created_at": null,
            "description": null,
            "filesystem": [],
            "folder_id": null,
            "fqdn": null,
            "gpu_cluster_id": null,
            "hardware_generation": null,
            "hostname": null,
            "id": "fhm141gc5av271p3k7cj",
            "labels": null,
            "local_disk": [],
            "maintenance_grace_period": null,
            "maintenance_policy": null,
            "metadata": {
              "ssh-keys": "ubuntu:ecdsa-sha2-nistp256 AAAAE2VjZHNhLXNoYTItbmlzdHAyNTYAAAAIbmlzdHAyNTYAAABBBFQ7j6LKDTy/gEj5ppIe0CYPNYnz6XE+AxFcwQnWQ1Nbv+nex7rcKO9ZTiOFarOA/awJdssYpnvxvl+qVyivXJk=\n"
            },
            "metadata_options": null,
            "name": "ubuntu-24-02",
            "network_acceleration_type": "standard",
            "network_interface": [
              {
                "dns_record": [],
                "index": 0,
                "ip_address": "",
                "ipv4": true,
                "ipv6": false,
                "ipv6_address": "",
                "ipv6_dns_record": [],
                "mac_address": "",
                "nat": true,
                "nat_dns_record": [],
                "nat_ip_address": "",
                "nat_ip_version": "",
                "security_group_ids": null,
                "subnet_id": "e9b1tf69odfmtra608ml"
              }
            ],
            "placement_policy": null,
            "platform_id": "standard-v1",
            "resources": [
              {
                "core_fraction": 100,
                "cores": 2,
                "gpus": 0,
                "memory": 2
              }
            ],
            "scheduling_policy": null,
            "secondary_disk": [],
            "service_account_id": null,
            "status": null,
            "timeouts": null,
            "zone": null
          },
          "sensitive_attributes": [],
          "private": "eyJlMmJmYjczMC1lY2FhLTExZTYtOGY4OC0zNDM2M2JjN2M0YzAiOnsiY3JlYXRlIjozMDAwMDAwMDAwMDAsImRlbGV0ZSI6MzAwMDAwMDAwMDAwLCJ1cGRhdGUiOjMwMDAwMDAwMDAwMH0sInNjaGVtYV92ZXJzaW9uIjoiMSJ9",
          "dependencies": [
            "tls_private_key.ssh",
            "yandex_compute_disk.boot-disk",
            "yandex_vpc_network.network-1",
            "yandex_vpc_subnet.subnet-1"
          ]
        },
        {
          "index_key": "vm-3",
          "status": "tainted",
          "schema_version": 1,
          "attributes": {
            "allow_recreate": null,
            "allow_stopping_for_update": null,
            "boot_disk": [
              {
                "auto_delete": true,
                "device_name": "",
                "disk_id": "fhml4r5rm2h2u5cnio8i",
                "initialize_params": [],
                "mode": ""
              }
            ],
            "created_at": null,
            "description": null,
            "filesystem": [],
            "folder_id": null,
            "fqdn": null,
            "gpu_cluster_id": null,
            "hardware_generation": null,
            "hostname": null,
            "id": "fhm44nrf3ramccrsdvqu",
            "labels": null,
            "local_disk": [],
            "maintenance_grace_period": null,
            "maintenance_policy": null,
            "metadata": {
              "ssh-keys": "ubuntu:ecdsa-sha2-nistp256 AAAAE2VjZHNhLXNoYTItbmlzdHAyNTYAAAAIbmlzdHAyNTYAAABBBFP6VvQX5fC3sB5lorWOaarm7WUCZevKotw8WbMxuGfI7Bxy6peXPxxyoQ3fcJNxcWTGs8KBchDlwN/2ElUEH24=\n"
            },
            "metadata_options": null,
            "name": "ubuntu-24-03",
            "network_acceleration_type": "standard",
            "network_interface": [
              {
                "dns_record": [],
                "index": 0,
                "ip_address": "",
                "ipv4": true,
                "ipv6": false,
                "ipv6_address": "",
                "ipv6_dns_record": [],
                "mac_address": "",
                "nat": true,
                "nat_dns_record": [],
                "nat_ip_address": "",
                "nat_ip_version": "",
                "security_group_ids": null,
                "subnet_id": "e9b1tf69odfmtra608ml"
              }
            ],
            "placement_policy": null,
            "platform_id": "standard-v1",
            "resources": [
              {
                "core_fraction": 100,
                "cores": 2,
                "gpus": 0,
                "memory": 2
              }
            ],
            "scheduling_policy": null,
            "secondary_disk": [],
            "service_account_id": null,
            "status": null,
            "timeouts": null,
            "zone": null
          },
          "sensitive_attributes": [],
          "private": "eyJlMmJmYjczMC1lY2FhLTExZTYtOGY4OC0zNDM2M2JjN2M0YzAiOnsiY3JlYXRlIjozMDAwMDAwMDAwMDAsImRlbGV0ZSI6MzAwMDAwMDAwMDAwLCJ1cGRhdGUiOjMwMDAwMDAwMDAwMH0sInNjaGVtYV92ZXJzaW9uIjoiMSJ9",
          "dependencies": [
            "tls_private_key.ssh",
            "yandex_compute_disk.boot-disk",
            "yandex_vpc_network.network-1",
            "yandex_vpc_subnet.subnet-1"
          ]
        }
      ]
    },
    {
      "mode": "managed",
      "type": "yandex_vpc_network",
      "name": "network-1",
      "provider": "provider[\"registry.terraform.io/yandex-cloud/yandex\"]",
      "instances": [
        {
          "schema_version": 0,
          "attributes": {
            "created_at": "2026-05-14T20:25:31Z",
            "default_security_group_id": "enpcho53steglnfsudb4",
            "description": "",
            "folder_id": "b1g24q1ulp9i1cnh14n5",
            "id": "enpqo9devfjieah838km",
            "labels": {},
            "name": "network1",
            "subnet_ids": [],
            "timeouts": null
          },
          "sensitive_attributes": [],
          "private": "eyJlMmJmYjczMC1lY2FhLTExZTYtOGY4OC0zNDM2M2JjN2M0YzAiOnsiY3JlYXRlIjo2MDAwMDAwMDAwMCwiZGVsZXRlIjo2MDAwMDAwMDAwMCwidXBkYXRlIjo2MDAwMDAwMDAwMH19"
        }
      ]
    },
    {
      "mode": "managed",
      "type": "yandex_vpc_subnet",
      "name": "subnet-1",
      "provider": "provider[\"registry.terraform.io/yandex-cloud/yandex\"]",
      "instances": [
        {
          "schema_version": 0,
          "attributes": {
            "created_at": "2026-05-14T20:25:33Z",
            "description": "",
            "dhcp_options": [],
            "folder_id": "b1g24q1ulp9i1cnh14n5",
            "id": "e9b1tf69odfmtra608ml",
            "labels": {},
            "name": "subnet1",
            "network_id": "enpqo9devfjieah838km",
            "route_table_id": "",
            "timeouts": null,
            "v4_cidr_blocks": [
              "192.168.10.0/24"
            ],
            "v6_cidr_blocks": [],
            "zone": "ru-central1-a"
          },
          "sensitive_attributes": [],
          "private": "eyJlMmJmYjczMC1lY2FhLTExZTYtOGY4OC0zNDM2M2JjN2M0YzAiOnsiY3JlYXRlIjoxODAwMDAwMDAwMDAsImRlbGV0ZSI6MTgwMDAwMDAwMDAwLCJ1cGRhdGUiOjE4MDAwMDAwMDAwMH19",
          "dependencies": [
            "yandex_vpc_network.network-1"
          ]
        }
      ]
    }
  ],
  "check_results": null
}
