{
  "version": 4,
  "terraform_version": "1.9.2",
  "serial": 77,
  "lineage": "7e447417-7097-85b5-4d72-884ceb3fa255",
  "outputs": {
    "vm_key_filename": {
      "value": {
        "vm-1": ".ssh_keys/ssh_key_vm-1",
        "vm-2": ".ssh_keys/ssh_key_vm-2",
        "vm-3": ".ssh_keys/ssh_key_vm-3"
      },
      "type": [
        "object",
        {
          "vm-1": "string",
          "vm-2": "string",
          "vm-3": "string"
        }
      ]
    }
  },
  "resources": [
    {
      "mode": "managed",
      "type": "local_file",
      "name": "private_key",
      "provider": "provider[\"registry.terraform.io/hashicorp/local\"]",
      "instances": [
        {
          "index_key": "vm-1",
          "schema_version": 0,
          "attributes": {
            "content": "-----BEGIN EC PRIVATE KEY-----\nMHcCAQEEIKxUleLyeN8mmM7YdT9IRmZ8fvklx+Rd/m0BAdFVWLvFoAoGCCqGSM49\nAwEHoUQDQgAEoMqbuLMRMEhb1DpRXQKRf+ql8QAd90cDJXs5u0fKzX4plOoTrO/2\njUhThV/wC4iV5WDItROoZqVeGHCnAYrYfg==\n-----END EC PRIVATE KEY-----\n",
            "content_base64": null,
            "content_base64sha256": "VikBtEscnuzVnuYa7g3fpMKShlvFknCh4mqXmpPwQjw=",
            "content_base64sha512": "KYlLK+F4L7FzStTKybp74GJEGKzQKrH5Ng1eFLGRNB59YDSdrCzXBZhqXTVbhjTIN494NrHTnhoGfN7PCgFTCQ==",
            "content_md5": "c6d40b2b62ffb153d21d128f92de7e5a",
            "content_sha1": "12c7d9d0576fbec9ffce5de8d8cf2e75d02844cb",
            "content_sha256": "562901b44b1c9eecd59ee61aee0ddfa4c292865bc59270a1e26a979a93f0423c",
            "content_sha512": "29894b2be1782fb1734ad4cac9ba7be0624418acd02ab1f9360d5e14b191341e7d60349dac2cd705986a5d355b8634c8378f7836b1d39e1a067cdecf0a015309",
            "directory_permission": "0777",
            "file_permission": "600",
            "filename": ".ssh_keys/ssh_key_vm-1",
            "id": "12c7d9d0576fbec9ffce5de8d8cf2e75d02844cb",
            "sensitive_content": null,
            "source": null
          },
          "sensitive_attributes": [
            [
              {
                "type": "get_attr",
                "value": "content"
              }
            ],
            [
              {
                "type": "get_attr",
                "value": "sensitive_content"
              }
            ]
          ],
          "dependencies": [
            "tls_private_key.ssh"
          ]
        },
        {
          "index_key": "vm-2",
          "schema_version": 0,
          "attributes": {
            "content": "-----BEGIN EC PRIVATE KEY-----\nMHcCAQEEIA0Ga6gUoP18q0DDvQ1kTp5qsTYok8WHbiCINmUMF4fdoAoGCCqGSM49\nAwEHoUQDQgAE2tr+JsAuXgdPUZD4uZLJUYkMpD9JJovZrhNLhmmEVNQhBCPJJOX9\n+HYpKgig4dusrTHXmzO48YWjiWSqCxdszw==\n-----END EC PRIVATE KEY-----\n",
            "content_base64": null,
            "content_base64sha256": "nG2edkc15rvnlhCktnz3FijRo0N+kSNnIUyE/ZcizBM=",
            "content_base64sha512": "ymIHNGwPN1McmWGfai1m9jysNwZSOOpFqZPBmAF+De+l8kqGqMlyGF1FZhCXLDHoHwzRXcpldvETrNcyTkD6hg==",
            "content_md5": "fa158680e8fba5a302787fa720059436",
            "content_sha1": "71a5c2099c0f0becf3bde5b5b4b0bb83c60fa381",
            "content_sha256": "9c6d9e764735e6bbe79610a4b67cf71628d1a3437e912367214c84fd9722cc13",
            "content_sha512": "ca6207346c0f37531c99619f6a2d66f63cac37065238ea45a993c198017e0defa5f24a86a8c972185d456610972c31e81f0cd15dca6576f113acd7324e40fa86",
            "directory_permission": "0777",
            "file_permission": "600",
            "filename": ".ssh_keys/ssh_key_vm-2",
            "id": "71a5c2099c0f0becf3bde5b5b4b0bb83c60fa381",
            "sensitive_content": null,
            "source": null
          },
          "sensitive_attributes": [
            [
              {
                "type": "get_attr",
                "value": "content"
              }
            ],
            [
              {
                "type": "get_attr",
                "value": "sensitive_content"
              }
            ]
          ],
          "dependencies": [
            "tls_private_key.ssh"
          ]
        },
        {
          "index_key": "vm-3",
          "schema_version": 0,
          "attributes": {
            "content": "-----BEGIN EC PRIVATE KEY-----\nMHcCAQEEILdv/F+aTxgCauifQbyPHpJJ6sTkX332oqzLWaegQVW/oAoGCCqGSM49\nAwEHoUQDQgAExNe8CBZW12ZxW3vzj+1SWksF+SiYz4O6xAIVH3R5L1qq+l1Aoxs8\nMJ2s9eMz22vanJ5RnN2h6a7Sfqy/XvCpcg==\n-----END EC PRIVATE KEY-----\n",
            "content_base64": null,
            "content_base64sha256": "2cZas79obIuxa4LJqdLRDEwXK53zcK26FdNAKCgO6Ho=",
            "content_base64sha512": "ICHRR4gzbz0Z1qHS4XEAXbF7tCr5jsL5cPg01SXfKWyJWInA3AL023Xc7IGYkpmE+9KGHdszX15W6+4MK6KFXA==",
            "content_md5": "740c4ef77e5d116706c97098153c054e",
            "content_sha1": "ff2fdaf06a5f0839e1685b3bc6ad7870e7a40e3b",
            "content_sha256": "d9c65ab3bf686c8bb16b82c9a9d2d10c4c172b9df370adba15d34028280ee87a",
            "content_sha512": "2021d14788336f3d19d6a1d2e171005db17bb42af98ec2f970f834d525df296c895889c0dc02f4db75dcec8198929984fbd2861ddb335f5e56ebee0c2ba2855c",
            "directory_permission": "0777",
            "file_permission": "600",
            "filename": ".ssh_keys/ssh_key_vm-3",
            "id": "ff2fdaf06a5f0839e1685b3bc6ad7870e7a40e3b",
            "sensitive_content": null,
            "source": null
          },
          "sensitive_attributes": [
            [
              {
                "type": "get_attr",
                "value": "content"
              }
            ],
            [
              {
                "type": "get_attr",
                "value": "sensitive_content"
              }
            ]
          ],
          "dependencies": [
            "tls_private_key.ssh"
          ]
        }
      ]
    },
    {
      "mode": "managed",
      "type": "tls_private_key",
      "name": "ssh",
      "provider": "provider[\"registry.terraform.io/hashicorp/tls\"]",
      "instances": [
        {
          "index_key": "vm-1",
          "schema_version": 1,
          "attributes": {
            "algorithm": "ECDSA",
            "ecdsa_curve": "P256",
            "id": "4c15e0298ff9c009ccce5a3f675057390544d6eb",
            "private_key_openssh": "-----BEGIN OPENSSH PRIVATE KEY-----\nb3BlbnNzaC1rZXktdjEAAAAABG5vbmUAAAAEbm9uZQAAAAAAAAABAAAAaAAAABNl\nY2RzYS1zaGEyLW5pc3RwMjU2AAAACG5pc3RwMjU2AAAAQQSgypu4sxEwSFvUOlFd\nApF/6qXxAB33RwMlezm7R8rNfimU6hOs7/aNSFOFX/ALiJXlYMi1E6hmpV4YcKcB\nith+AAAAoJajWe6Wo1nuAAAAE2VjZHNhLXNoYTItbmlzdHAyNTYAAAAIbmlzdHAy\nNTYAAABBBKDKm7izETBIW9Q6UV0CkX/qpfEAHfdHAyV7ObtHys1+KZTqE6zv9o1I\nU4Vf8AuIleVgyLUTqGalXhhwpwGK2H4AAAAhAKxUleLyeN8mmM7YdT9IRmZ8fvkl\nx+Rd/m0BAdFVWLvFAAAAAAECAwQFBgc=\n-----END OPENSSH PRIVATE KEY-----\n",
            "private_key_pem": "-----BEGIN EC PRIVATE KEY-----\nMHcCAQEEIKxUleLyeN8mmM7YdT9IRmZ8fvklx+Rd/m0BAdFVWLvFoAoGCCqGSM49\nAwEHoUQDQgAEoMqbuLMRMEhb1DpRXQKRf+ql8QAd90cDJXs5u0fKzX4plOoTrO/2\njUhThV/wC4iV5WDItROoZqVeGHCnAYrYfg==\n-----END EC PRIVATE KEY-----\n",
            "private_key_pem_pkcs8": "-----BEGIN PRIVATE KEY-----\nMIGHAgEAMBMGByqGSM49AgEGCCqGSM49AwEHBG0wawIBAQQgrFSV4vJ43yaYzth1\nP0hGZnx++SXH5F3+bQEB0VVYu8WhRANCAASgypu4sxEwSFvUOlFdApF/6qXxAB33\nRwMlezm7R8rNfimU6hOs7/aNSFOFX/ALiJXlYMi1E6hmpV4YcKcBith+\n-----END PRIVATE KEY-----\n",
            "public_key_fingerprint_md5": "46:35:0f:09:31:d9:4f:a8:a1:80:92:49:1d:c2:f2:a8",
            "public_key_fingerprint_sha256": "SHA256:EUiN8TfGDKjNM6mteAMieKgsvM8r5q00ZQSLo1lU0XY",
            "public_key_openssh": "ecdsa-sha2-nistp256 AAAAE2VjZHNhLXNoYTItbmlzdHAyNTYAAAAIbmlzdHAyNTYAAABBBKDKm7izETBIW9Q6UV0CkX/qpfEAHfdHAyV7ObtHys1+KZTqE6zv9o1IU4Vf8AuIleVgyLUTqGalXhhwpwGK2H4=\n",
            "public_key_pem": "-----BEGIN PUBLIC KEY-----\nMFkwEwYHKoZIzj0CAQYIKoZIzj0DAQcDQgAEoMqbuLMRMEhb1DpRXQKRf+ql8QAd\n90cDJXs5u0fKzX4plOoTrO/2jUhThV/wC4iV5WDItROoZqVeGHCnAYrYfg==\n-----END PUBLIC KEY-----\n",
            "rsa_bits": 2048
          },
          "sensitive_attributes": [
            [
              {
                "type": "get_attr",
                "value": "private_key_openssh"
              }
            ],
            [
              {
                "type": "get_attr",
                "value": "private_key_pem_pkcs8"
              }
            ],
            [
              {
                "type": "get_attr",
                "value": "private_key_pem"
              }
            ]
          ]
        },
        {
          "index_key": "vm-2",
          "schema_version": 1,
          "attributes": {
            "algorithm": "ECDSA",
            "ecdsa_curve": "P256",
            "id": "b781e06b9dd768cba4e6ecafdfb3f699706ba982",
            "private_key_openssh": "-----BEGIN OPENSSH PRIVATE KEY-----\nb3BlbnNzaC1rZXktdjEAAAAABG5vbmUAAAAEbm9uZQAAAAAAAAABAAAAaAAAABNl\nY2RzYS1zaGEyLW5pc3RwMjU2AAAACG5pc3RwMjU2AAAAQQTa2v4mwC5eB09RkPi5\nkslRiQykP0kmi9muE0uGaYRU1CEEI8kk5f34dikqCKDh26ytMdebM7jxhaOJZKoL\nF2zPAAAAmNS+Mr7UvjK+AAAAE2VjZHNhLXNoYTItbmlzdHAyNTYAAAAIbmlzdHAy\nNTYAAABBBNra/ibALl4HT1GQ+LmSyVGJDKQ/SSaL2a4TS4ZphFTUIQQjySTl/fh2\nKSoIoOHbrK0x15szuPGFo4lkqgsXbM8AAAAgDQZrqBSg/XyrQMO9DWROnmqxNiiT\nxYduIIg2ZQwXh90AAAAA\n-----END OPENSSH PRIVATE KEY-----\n",
            "private_key_pem": "-----BEGIN EC PRIVATE KEY-----\nMHcCAQEEIA0Ga6gUoP18q0DDvQ1kTp5qsTYok8WHbiCINmUMF4fdoAoGCCqGSM49\nAwEHoUQDQgAE2tr+JsAuXgdPUZD4uZLJUYkMpD9JJovZrhNLhmmEVNQhBCPJJOX9\n+HYpKgig4dusrTHXmzO48YWjiWSqCxdszw==\n-----END EC PRIVATE KEY-----\n",
            "private_key_pem_pkcs8": "-----BEGIN PRIVATE KEY-----\nMIGHAgEAMBMGByqGSM49AgEGCCqGSM49AwEHBG0wawIBAQQgDQZrqBSg/XyrQMO9\nDWROnmqxNiiTxYduIIg2ZQwXh92hRANCAATa2v4mwC5eB09RkPi5kslRiQykP0km\ni9muE0uGaYRU1CEEI8kk5f34dikqCKDh26ytMdebM7jxhaOJZKoLF2zP\n-----END PRIVATE KEY-----\n",
            "public_key_fingerprint_md5": "9f:6b:c4:73:a4:cf:7b:a4:00:69:e2:68:71:52:9d:44",
            "public_key_fingerprint_sha256": "SHA256:3YKjg2+hW/ggG8CXhXA0u6zP9uMAyz3SYwdiWs4V2D8",
            "public_key_openssh": "ecdsa-sha2-nistp256 AAAAE2VjZHNhLXNoYTItbmlzdHAyNTYAAAAIbmlzdHAyNTYAAABBBNra/ibALl4HT1GQ+LmSyVGJDKQ/SSaL2a4TS4ZphFTUIQQjySTl/fh2KSoIoOHbrK0x15szuPGFo4lkqgsXbM8=\n",
            "public_key_pem": "-----BEGIN PUBLIC KEY-----\nMFkwEwYHKoZIzj0CAQYIKoZIzj0DAQcDQgAE2tr+JsAuXgdPUZD4uZLJUYkMpD9J\nJovZrhNLhmmEVNQhBCPJJOX9+HYpKgig4dusrTHXmzO48YWjiWSqCxdszw==\n-----END PUBLIC KEY-----\n",
            "rsa_bits": 2048
          },
          "sensitive_attributes": [
            [
              {
                "type": "get_attr",
                "value": "private_key_pem_pkcs8"
              }
            ],
            [
              {
                "type": "get_attr",
                "value": "private_key_pem"
              }
            ],
            [
              {
                "type": "get_attr",
                "value": "private_key_openssh"
              }
            ]
          ]
        },
        {
          "index_key": "vm-3",
          "schema_version": 1,
          "attributes": {
            "algorithm": "ECDSA",
            "ecdsa_curve": "P256",
            "id": "1b543b0f14cf621a8908bbe5240310a23da5ab0a",
            "private_key_openssh": "-----BEGIN OPENSSH PRIVATE KEY-----\nb3BlbnNzaC1rZXktdjEAAAAABG5vbmUAAAAEbm9uZQAAAAAAAAABAAAAaAAAABNl\nY2RzYS1zaGEyLW5pc3RwMjU2AAAACG5pc3RwMjU2AAAAQQTE17wIFlbXZnFbe/OP\n7VJaSwX5KJjPg7rEAhUfdHkvWqr6XUCjGzwwnaz14zPba9qcnlGc3aHprtJ+rL9e\n8KlyAAAAoCaq+A0mqvgNAAAAE2VjZHNhLXNoYTItbmlzdHAyNTYAAAAIbmlzdHAy\nNTYAAABBBMTXvAgWVtdmcVt784/tUlpLBfkomM+DusQCFR90eS9aqvpdQKMbPDCd\nrPXjM9tr2pyeUZzdoemu0n6sv17wqXIAAAAhALdv/F+aTxgCauifQbyPHpJJ6sTk\nX332oqzLWaegQVW/AAAAAAECAwQFBgc=\n-----END OPENSSH PRIVATE KEY-----\n",
            "private_key_pem": "-----BEGIN EC PRIVATE KEY-----\nMHcCAQEEILdv/F+aTxgCauifQbyPHpJJ6sTkX332oqzLWaegQVW/oAoGCCqGSM49\nAwEHoUQDQgAExNe8CBZW12ZxW3vzj+1SWksF+SiYz4O6xAIVH3R5L1qq+l1Aoxs8\nMJ2s9eMz22vanJ5RnN2h6a7Sfqy/XvCpcg==\n-----END EC PRIVATE KEY-----\n",
            "private_key_pem_pkcs8": "-----BEGIN PRIVATE KEY-----\nMIGHAgEAMBMGByqGSM49AgEGCCqGSM49AwEHBG0wawIBAQQgt2/8X5pPGAJq6J9B\nvI8ekknqxORfffairMtZp6BBVb+hRANCAATE17wIFlbXZnFbe/OP7VJaSwX5KJjP\ng7rEAhUfdHkvWqr6XUCjGzwwnaz14zPba9qcnlGc3aHprtJ+rL9e8Kly\n-----END PRIVATE KEY-----\n",
            "public_key_fingerprint_md5": "8c:95:c4:ee:d5:63:23:bc:29:6e:82:80:7a:bb:f6:25",
            "public_key_fingerprint_sha256": "SHA256:ieFrPjwkMpOZuchVvETWvMYECr2WY+LFUSmrcOs+kpc",
            "public_key_openssh": "ecdsa-sha2-nistp256 AAAAE2VjZHNhLXNoYTItbmlzdHAyNTYAAAAIbmlzdHAyNTYAAABBBMTXvAgWVtdmcVt784/tUlpLBfkomM+DusQCFR90eS9aqvpdQKMbPDCdrPXjM9tr2pyeUZzdoemu0n6sv17wqXI=\n",
            "public_key_pem": "-----BEGIN PUBLIC KEY-----\nMFkwEwYHKoZIzj0CAQYIKoZIzj0DAQcDQgAExNe8CBZW12ZxW3vzj+1SWksF+SiY\nz4O6xAIVH3R5L1qq+l1Aoxs8MJ2s9eMz22vanJ5RnN2h6a7Sfqy/XvCpcg==\n-----END PUBLIC KEY-----\n",
            "rsa_bits": 2048
          },
          "sensitive_attributes": [
            [
              {
                "type": "get_attr",
                "value": "private_key_pem"
              }
            ],
            [
              {
                "type": "get_attr",
                "value": "private_key_pem_pkcs8"
              }
            ],
            [
              {
                "type": "get_attr",
                "value": "private_key_openssh"
              }
            ]
          ]
        }
      ]
    },
    {
      "mode": "managed",
      "type": "yandex_compute_disk",
      "name": "boot-disk",
      "provider": "provider[\"registry.terraform.io/yandex-cloud/yandex\"]",
      "instances": [
        {
          "index_key": "vm-1",
          "schema_version": 0,
          "attributes": {
            "allow_recreate": null,
            "block_size": 4096,
            "created_at": "2026-05-14T00:50:27Z",
            "description": "",
            "disk_placement_policy": [
              {
                "disk_placement_group_id": ""
              }
            ],
            "folder_id": "b1g24q1ulp9i1cnh14n5",
            "hardware_generation": [
              {
                "generation2_features": [],
                "legacy_features": [
                  {
                    "pci_topology": "PCI_TOPOLOGY_V2"
                  }
                ]
              }
            ],
            "id": "fhm2ghqs29as6ieq9g1f",
            "image_id": "fd82sqrj4uk9j7vlki3q",
            "kms_key_id": null,
            "labels": null,
            "name": "ubuntu-24-disk-01",
            "product_ids": [
              "f2e4aq4hh07j6g7ncshp"
            ],
            "size": 20,
            "snapshot_id": "",
            "status": "ready",
            "timeouts": null,
            "type": "network-hdd",
            "zone": "ru-central1-a"
          },
          "sensitive_attributes": [],
          "private": "eyJlMmJmYjczMC1lY2FhLTExZTYtOGY4OC0zNDM2M2JjN2M0YzAiOnsiY3JlYXRlIjozMDAwMDAwMDAwMDAsImRlbGV0ZSI6MzAwMDAwMDAwMDAwLCJ1cGRhdGUiOjMwMDAwMDAwMDAwMH19"
        },
        {
          "index_key": "vm-2",
          "schema_version": 0,
          "attributes": {
            "allow_recreate": null,
            "block_size": 4096,
            "created_at": "2026-05-14T00:50:27Z",
            "description": "",
            "disk_placement_policy": [
              {
                "disk_placement_group_id": ""
              }
            ],
            "folder_id": "b1g24q1ulp9i1cnh14n5",
            "hardware_generation": [
              {
                "generation2_features": [],
                "legacy_features": [
                  {
                    "pci_topology": "PCI_TOPOLOGY_V2"
                  }
                ]
              }
            ],
            "id": "fhm7o7s1vihvg4vblk31",
            "image_id": "fd82sqrj4uk9j7vlki3q",
            "kms_key_id": null,
            "labels": null,
            "name": "ubuntu-24-disk-02",
            "product_ids": [
              "f2e4aq4hh07j6g7ncshp"
            ],
            "size": 20,
            "snapshot_id": "",
            "status": "ready",
            "timeouts": null,
            "type": "network-hdd",
            "zone": "ru-central1-a"
          },
          "sensitive_attributes": [],
          "private": "eyJlMmJmYjczMC1lY2FhLTExZTYtOGY4OC0zNDM2M2JjN2M0YzAiOnsiY3JlYXRlIjozMDAwMDAwMDAwMDAsImRlbGV0ZSI6MzAwMDAwMDAwMDAwLCJ1cGRhdGUiOjMwMDAwMDAwMDAwMH19"
        },
        {
          "index_key": "vm-3",
          "schema_version": 0,
          "attributes": {
            "allow_recreate": null,
            "block_size": 4096,
            "created_at": "2026-05-14T00:50:27Z",
            "description": "",
            "disk_placement_policy": [
              {
                "disk_placement_group_id": ""
              }
            ],
            "folder_id": "b1g24q1ulp9i1cnh14n5",
            "hardware_generation": [
              {
                "generation2_features": [],
                "legacy_features": [
                  {
                    "pci_topology": "PCI_TOPOLOGY_V2"
                  }
                ]
              }
            ],
            "id": "fhm2n8877satrvdsdeku",
            "image_id": "fd82sqrj4uk9j7vlki3q",
            "kms_key_id": null,
            "labels": null,
            "name": "ubuntu-24-disk-03",
            "product_ids": [
              "f2e4aq4hh07j6g7ncshp"
            ],
            "size": 20,
            "snapshot_id": "",
            "status": "ready",
            "timeouts": null,
            "type": "network-hdd",
            "zone": "ru-central1-a"
          },
          "sensitive_attributes": [],
          "private": "eyJlMmJmYjczMC1lY2FhLTExZTYtOGY4OC0zNDM2M2JjN2M0YzAiOnsiY3JlYXRlIjozMDAwMDAwMDAwMDAsImRlbGV0ZSI6MzAwMDAwMDAwMDAwLCJ1cGRhdGUiOjMwMDAwMDAwMDAwMH19"
        }
      ]
    },
    {
      "mode": "managed",
      "type": "yandex_compute_instance",
      "name": "virtual_machine",
      "provider": "provider[\"registry.terraform.io/yandex-cloud/yandex\"]",
      "instances": [
        {
          "index_key": "vm-1",
          "status": "tainted",
          "schema_version": 1,
          "attributes": {
            "allow_recreate": null,
            "allow_stopping_for_update": null,
            "boot_disk": [
              {
                "auto_delete": true,
                "device_name": "",
                "disk_id": "fhm2ghqs29as6ieq9g1f",
                "initialize_params": [],
                "mode": ""
              }
            ],
            "created_at": null,
            "description": null,
            "filesystem": [],
            "folder_id": null,
            "fqdn": null,
            "gpu_cluster_id": null,
            "hardware_generation": null,
            "hostname": null,
            "id": "fhmnua6d5aj102366tuh",
            "labels": null,
            "local_disk": [],
            "maintenance_grace_period": null,
            "maintenance_policy": null,
            "metadata": {
              "ssh-keys": "ubuntu:ecdsa-sha2-nistp256 AAAAE2VjZHNhLXNoYTItbmlzdHAyNTYAAAAIbmlzdHAyNTYAAABBBKDKm7izETBIW9Q6UV0CkX/qpfEAHfdHAyV7ObtHys1+KZTqE6zv9o1IU4Vf8AuIleVgyLUTqGalXhhwpwGK2H4=\n"
            },
            "metadata_options": null,
            "name": "ubuntu-24-01",
            "network_acceleration_type": "standard",
            "network_interface": [
              {
                "dns_record": [],
                "index": 0,
                "ip_address": "",
                "ipv4": true,
                "ipv6": false,
                "ipv6_address": "",
                "ipv6_dns_record": [],
                "mac_address": "",
                "nat": true,
                "nat_dns_record": [],
                "nat_ip_address": "",
                "nat_ip_version": "",
                "security_group_ids": null,
                "subnet_id": "e9b1el895mnrpk0h0ses"
              }
            ],
            "placement_policy": null,
            "platform_id": "standard-v1",
            "resources": [
              {
                "core_fraction": 100,
                "cores": 2,
                "gpus": 0,
                "memory": 2
              }
            ],
            "scheduling_policy": null,
            "secondary_disk": [],
            "service_account_id": null,
            "status": null,
            "timeouts": null,
            "zone": null
          },
          "sensitive_attributes": [],
          "private": "eyJlMmJmYjczMC1lY2FhLTExZTYtOGY4OC0zNDM2M2JjN2M0YzAiOnsiY3JlYXRlIjozMDAwMDAwMDAwMDAsImRlbGV0ZSI6MzAwMDAwMDAwMDAwLCJ1cGRhdGUiOjMwMDAwMDAwMDAwMH0sInNjaGVtYV92ZXJzaW9uIjoiMSJ9",
          "dependencies": [
            "tls_private_key.ssh",
            "yandex_compute_disk.boot-disk",
            "yandex_vpc_network.network-1",
            "yandex_vpc_subnet.subnet-1"
          ]
        },
        {
          "index_key": "vm-2",
          "status": "tainted",
          "schema_version": 1,
          "attributes": {
            "allow_recreate": null,
            "allow_stopping_for_update": null,
            "boot_disk": [
              {
                "auto_delete": true,
                "device_name": "",
                "disk_id": "fhm7o7s1vihvg4vblk31",
                "initialize_params": [],
                "mode": ""
              }
            ],
            "created_at": null,
            "description": null,
            "filesystem": [],
            "folder_id": null,
            "fqdn": null,
            "gpu_cluster_id": null,
            "hardware_generation": null,
            "hostname": null,
            "id": "fhmc13hl7rl8p6ekcrrs",
            "labels": null,
            "local_disk": [],
            "maintenance_grace_period": null,
            "maintenance_policy": null,
            "metadata": {
              "ssh-keys": "ubuntu:ecdsa-sha2-nistp256 AAAAE2VjZHNhLXNoYTItbmlzdHAyNTYAAAAIbmlzdHAyNTYAAABBBNra/ibALl4HT1GQ+LmSyVGJDKQ/SSaL2a4TS4ZphFTUIQQjySTl/fh2KSoIoOHbrK0x15szuPGFo4lkqgsXbM8=\n"
            },
            "metadata_options": null,
            "name": "ubuntu-24-02",
            "network_acceleration_type": "standard",
            "network_interface": [
              {
                "dns_record": [],
                "index": 0,
                "ip_address": "",
                "ipv4": true,
                "ipv6": false,
                "ipv6_address": "",
                "ipv6_dns_record": [],
                "mac_address": "",
                "nat": true,
                "nat_dns_record": [],
                "nat_ip_address": "",
                "nat_ip_version": "",
                "security_group_ids": null,
                "subnet_id": "e9b1el895mnrpk0h0ses"
              }
            ],
            "placement_policy": null,
            "platform_id": "standard-v1",
            "resources": [
              {
                "core_fraction": 100,
                "cores": 2,
                "gpus": 0,
                "memory": 2
              }
            ],
            "scheduling_policy": null,
            "secondary_disk": [],
            "service_account_id": null,
            "status": null,
            "timeouts": null,
            "zone": null
          },
          "sensitive_attributes": [],
          "private": "eyJlMmJmYjczMC1lY2FhLTExZTYtOGY4OC0zNDM2M2JjN2M0YzAiOnsiY3JlYXRlIjozMDAwMDAwMDAwMDAsImRlbGV0ZSI6MzAwMDAwMDAwMDAwLCJ1cGRhdGUiOjMwMDAwMDAwMDAwMH0sInNjaGVtYV92ZXJzaW9uIjoiMSJ9",
          "dependencies": [
            "tls_private_key.ssh",
            "yandex_compute_disk.boot-disk",
            "yandex_vpc_network.network-1",
            "yandex_vpc_subnet.subnet-1"
          ]
        },
        {
          "index_key": "vm-3",
          "schema_version": 1,
          "attributes": {
            "allow_recreate": null,
            "allow_stopping_for_update": null,
            "boot_disk": [
              {
                "auto_delete": true,
                "device_name": "fhm2n8877satrvdsdeku",
                "disk_id": "fhm2n8877satrvdsdeku",
                "initialize_params": [
                  {
                    "block_size": 4096,
                    "description": "",
                    "image_id": "fd82sqrj4uk9j7vlki3q",
                    "kms_key_id": "",
                    "name": "ubuntu-24-disk-03",
                    "size": 20,
                    "snapshot_id": "",
                    "type": "network-hdd"
                  }
                ],
                "mode": "READ_WRITE"
              }
            ],
            "created_at": "2026-05-14T00:50:41Z",
            "description": "",
            "filesystem": [],
            "folder_id": "b1g24q1ulp9i1cnh14n5",
            "fqdn": "fhm0e7n3mkf7dvreamjd.auto.internal",
            "gpu_cluster_id": "",
            "hardware_generation": [
              {
                "generation2_features": [],
                "legacy_features": [
                  {
                    "pci_topology": "PCI_TOPOLOGY_V2"
                  }
                ]
              }
            ],
            "hostname": "",
            "id": "fhm0e7n3mkf7dvreamjd",
            "labels": null,
            "local_disk": [],
            "maintenance_grace_period": "",
            "maintenance_policy": null,
            "metadata": {
              "ssh-keys": "ubuntu:ecdsa-sha2-nistp256 AAAAE2VjZHNhLXNoYTItbmlzdHAyNTYAAAAIbmlzdHAyNTYAAABBBMTXvAgWVtdmcVt784/tUlpLBfkomM+DusQCFR90eS9aqvpdQKMbPDCdrPXjM9tr2pyeUZzdoemu0n6sv17wqXI=\n"
            },
            "metadata_options": [
              {
                "aws_v1_http_endpoint": 1,
                "aws_v1_http_token": 2,
                "gce_http_endpoint": 1,
                "gce_http_token": 1
              }
            ],
            "name": "ubuntu-24-03",
            "network_acceleration_type": "standard",
            "network_interface": [
              {
                "dns_record": [],
                "index": 0,
                "ip_address": "192.168.10.34",
                "ipv4": true,
                "ipv6": false,
                "ipv6_address": "",
                "ipv6_dns_record": [],
                "mac_address": "d0:0d:71:ee:3b:51",
                "nat": true,
                "nat_dns_record": [],
                "nat_ip_address": "51.250.14.139",
                "nat_ip_version": "IPV4",
                "security_group_ids": null,
                "subnet_id": "e9b1el895mnrpk0h0ses"
              }
            ],
            "placement_policy": [
              {
                "host_affinity_rules": [],
                "placement_group_id": "",
                "placement_group_partition": 0
              }
            ],
            "platform_id": "standard-v1",
            "resources": [
              {
                "core_fraction": 100,
                "cores": 2,
                "gpus": 0,
                "memory": 2
              }
            ],
            "scheduling_policy": [
              {
                "preemptible": false
              }
            ],
            "secondary_disk": [],
            "service_account_id": "",
            "status": "running",
            "timeouts": null,
            "zone": "ru-central1-a"
          },
          "sensitive_attributes": [],
          "private": "eyJlMmJmYjczMC1lY2FhLTExZTYtOGY4OC0zNDM2M2JjN2M0YzAiOnsiY3JlYXRlIjozMDAwMDAwMDAwMDAsImRlbGV0ZSI6MzAwMDAwMDAwMDAwLCJ1cGRhdGUiOjMwMDAwMDAwMDAwMH0sInNjaGVtYV92ZXJzaW9uIjoiMSJ9",
          "dependencies": [
            "tls_private_key.ssh",
            "yandex_compute_disk.boot-disk",
            "yandex_vpc_network.network-1",
            "yandex_vpc_subnet.subnet-1"
          ]
        }
      ]
    },
    {
      "mode": "managed",
      "type": "yandex_vpc_network",
      "name": "network-1",
      "provider": "provider[\"registry.terraform.io/yandex-cloud/yandex\"]",
      "instances": [
        {
          "schema_version": 0,
          "attributes": {
            "created_at": "2026-05-14T00:50:27Z",
            "default_security_group_id": "enp3lr63ei6r52lpe2rf",
            "description": "",
            "folder_id": "b1g24q1ulp9i1cnh14n5",
            "id": "enpfia8g1d1vjusdam1d",
            "labels": {},
            "name": "network1",
            "subnet_ids": [],
            "timeouts": null
          },
          "sensitive_attributes": [],
          "private": "eyJlMmJmYjczMC1lY2FhLTExZTYtOGY4OC0zNDM2M2JjN2M0YzAiOnsiY3JlYXRlIjo2MDAwMDAwMDAwMCwiZGVsZXRlIjo2MDAwMDAwMDAwMCwidXBkYXRlIjo2MDAwMDAwMDAwMH19"
        }
      ]
    },
    {
      "mode": "managed",
      "type": "yandex_vpc_subnet",
      "name": "subnet-1",
      "provider": "provider[\"registry.terraform.io/yandex-cloud/yandex\"]",
      "instances": [
        {
          "schema_version": 0,
          "attributes": {
            "created_at": "2026-05-14T00:50:28Z",
            "description": "",
            "dhcp_options": [],
            "folder_id": "b1g24q1ulp9i1cnh14n5",
            "id": "e9b1el895mnrpk0h0ses",
            "labels": {},
            "name": "subnet1",
            "network_id": "enpfia8g1d1vjusdam1d",
            "route_table_id": "",
            "timeouts": null,
            "v4_cidr_blocks": [
              "192.168.10.0/24"
            ],
            "v6_cidr_blocks": [],
            "zone": "ru-central1-a"
          },
          "sensitive_attributes": [],
          "private": "eyJlMmJmYjczMC1lY2FhLTExZTYtOGY4OC0zNDM2M2JjN2M0YzAiOnsiY3JlYXRlIjoxODAwMDAwMDAwMDAsImRlbGV0ZSI6MTgwMDAwMDAwMDAwLCJ1cGRhdGUiOjE4MDAwMDAwMDAwMH19",
          "dependencies": [
            "yandex_vpc_network.network-1"
          ]
        }
      ]
    }
  ],
  "check_results": null
}
