{
  "version": 4,
  "terraform_version": "1.9.2",
  "serial": 159,
  "lineage": "7e447417-7097-85b5-4d72-884ceb3fa255",
  "outputs": {
    "vm_ip": {
      "value": {
        "vm-1": "192.168.10.6",
        "vm-2": "192.168.10.19",
        "vm-3": "192.168.10.31"
      },
      "type": [
        "object",
        {
          "vm-1": "string",
          "vm-2": "string",
          "vm-3": "string"
        }
      ]
    },
    "vm_key_filename": {
      "value": {
        "vm-1": "./ssh_keys/ssh_key_vm-1",
        "vm-2": "./ssh_keys/ssh_key_vm-2",
        "vm-3": "./ssh_keys/ssh_key_vm-3"
      },
      "type": [
        "object",
        {
          "vm-1": "string",
          "vm-2": "string",
          "vm-3": "string"
        }
      ]
    },
    "vm_nat_ip": {
      "value": {
        "vm-1": "51.250.66.203",
        "vm-2": "51.250.76.85",
        "vm-3": "51.250.8.23"
      },
      "type": [
        "object",
        {
          "vm-1": "string",
          "vm-2": "string",
          "vm-3": "string"
        }
      ]
    }
  },
  "resources": [
    {
      "mode": "managed",
      "type": "local_file",
      "name": "private_key",
      "provider": "provider[\"registry.terraform.io/hashicorp/local\"]",
      "instances": [
        {
          "index_key": "vm-1",
          "schema_version": 0,
          "attributes": {
            "content": "-----BEGIN EC PRIVATE KEY-----\nMHcCAQEEIJjK/Egl2crn2/q9Yr5R3E11LutcA7QXIPEswFc/8SS7oAoGCCqGSM49\nAwEHoUQDQgAEzir1E/smz81lM12m9CTn0i+DauXmAaHRfUAgXPNyDlz6RgiWSadQ\nlprMwyaMWQNl+eA9nd0EtzJ+CeF770NR4g==\n-----END EC PRIVATE KEY-----\n",
            "content_base64": null,
            "content_base64sha256": "mbGPETWKN7ZpNQ8201rjjNx/BpzALpbtndxo8XHMbDg=",
            "content_base64sha512": "qk4fnsdR68PZh+4W/s1BcX4RGNyYrTKfuOvEr7rFhpWWB9FPTsSPWNaYQzIfFGRK7UCMuntwV82sBE0y+a204w==",
            "content_md5": "a29c9d6e01d127a01e7f437577e26d37",
            "content_sha1": "5cb23efc81429d98d6a9a12236bd38aa09f8564a",
            "content_sha256": "99b18f11358a37b669350f36d35ae38cdc7f069cc02e96ed9ddc68f171cc6c38",
            "content_sha512": "aa4e1f9ec751ebc3d987ee16fecd41717e1118dc98ad329fb8ebc4afbac586959607d14f4ec48f58d69843321f14644aed408cba7b7057cdac044d32f9adb4e3",
            "directory_permission": "0777",
            "file_permission": "600",
            "filename": "./ssh_keys/ssh_key_vm-1",
            "id": "5cb23efc81429d98d6a9a12236bd38aa09f8564a",
            "sensitive_content": null,
            "source": null
          },
          "sensitive_attributes": [
            [
              {
                "type": "get_attr",
                "value": "content"
              }
            ],
            [
              {
                "type": "get_attr",
                "value": "sensitive_content"
              }
            ]
          ],
          "dependencies": [
            "tls_private_key.ssh"
          ]
        },
        {
          "index_key": "vm-2",
          "schema_version": 0,
          "attributes": {
            "content": "-----BEGIN EC PRIVATE KEY-----\nMHcCAQEEIGoCB6pVFYaWUYgveo8sTGJLEljtQTIUWl26gVt3faGHoAoGCCqGSM49\nAwEHoUQDQgAENLzWJiLPBEHABygYO1bbB+PcZ/RYmGZ9spEthnPqykglxX96lGqT\n003QExOMRdS2HIqbfsMdz/5Rg9buidOIOQ==\n-----END EC PRIVATE KEY-----\n",
            "content_base64": null,
            "content_base64sha256": "U5eknpwjXKX4IH2Zrgl4z+pg872WcwvSVSUh9a8M9Ic=",
            "content_base64sha512": "vkXRNYUj+lsBo+XOb5zGzGT874+MJm7ikrBxV4yEiLGA6vpBX+a3Cezav3hPIcAXZcc70/DscyC087CRSCTBcQ==",
            "content_md5": "f83add951799058cc0976e9905af17a0",
            "content_sha1": "8b583cf4f18ecd96d4cdb1cbd3a74a219b2840b4",
            "content_sha256": "5397a49e9c235ca5f8207d99ae0978cfea60f3bd96730bd2552521f5af0cf487",
            "content_sha512": "be45d1358523fa5b01a3e5ce6f9cc6cc64fcef8f8c266ee292b071578c8488b180eafa415fe6b709ecdabf784f21c01765c73bd3f0ec7320b4f3b0914824c171",
            "directory_permission": "0777",
            "file_permission": "600",
            "filename": "./ssh_keys/ssh_key_vm-2",
            "id": "8b583cf4f18ecd96d4cdb1cbd3a74a219b2840b4",
            "sensitive_content": null,
            "source": null
          },
          "sensitive_attributes": [
            [
              {
                "type": "get_attr",
                "value": "content"
              }
            ],
            [
              {
                "type": "get_attr",
                "value": "sensitive_content"
              }
            ]
          ],
          "dependencies": [
            "tls_private_key.ssh"
          ]
        },
        {
          "index_key": "vm-3",
          "schema_version": 0,
          "attributes": {
            "content": "-----BEGIN EC PRIVATE KEY-----\nMHcCAQEEIPjkutPobm39C84OLWenARZa+aCvffWB3QSNdT7MtWB6oAoGCCqGSM49\nAwEHoUQDQgAE3GdAnVaPBTf/GrTsBRtEn9PYb6vzaHhol4uL6HdDv+aU0JNpKSvB\nP2j+2y87PvFtMQQB0YNfiDBDgdP9YXwaNg==\n-----END EC PRIVATE KEY-----\n",
            "content_base64": null,
            "content_base64sha256": "6xMqN5q+NbSHnmR+G//uW0gXEUFW38tjw6EXPG7t13U=",
            "content_base64sha512": "zAumXJTQU0llZoPa/JYGiYGranHl34umZJF9R+AvcqgxP4WO0seEm4+bk6Ow+PHS3Ol4o3gXwgzn6m93+Zr+uQ==",
            "content_md5": "090d373e5cc2c7f8b21831c20e0479d4",
            "content_sha1": "831896b5bed1a62a78f4c7044ad1c0298a6cd43f",
            "content_sha256": "eb132a379abe35b4879e647e1bffee5b4817114156dfcb63c3a1173c6eedd775",
            "content_sha512": "cc0ba65c94d05349656683dafc96068981ab6a71e5df8ba664917d47e02f72a8313f858ed2c7849b8f9b93a3b0f8f1d2dce978a37817c20ce7ea6f77f99afeb9",
            "directory_permission": "0777",
            "file_permission": "600",
            "filename": "./ssh_keys/ssh_key_vm-3",
            "id": "831896b5bed1a62a78f4c7044ad1c0298a6cd43f",
            "sensitive_content": null,
            "source": null
          },
          "sensitive_attributes": [
            [
              {
                "type": "get_attr",
                "value": "content"
              }
            ],
            [
              {
                "type": "get_attr",
                "value": "sensitive_content"
              }
            ]
          ],
          "dependencies": [
            "tls_private_key.ssh"
          ]
        }
      ]
    },
    {
      "mode": "managed",
      "type": "tls_private_key",
      "name": "ssh",
      "provider": "provider[\"registry.terraform.io/hashicorp/tls\"]",
      "instances": [
        {
          "index_key": "vm-1",
          "schema_version": 1,
          "attributes": {
            "algorithm": "ECDSA",
            "ecdsa_curve": "P256",
            "id": "91ee7f5bac6ba2f8664ccc79aafa15c368f8306a",
            "private_key_openssh": "-----BEGIN OPENSSH PRIVATE KEY-----\nb3BlbnNzaC1rZXktdjEAAAAABG5vbmUAAAAEbm9uZQAAAAAAAAABAAAAaAAAABNl\nY2RzYS1zaGEyLW5pc3RwMjU2AAAACG5pc3RwMjU2AAAAQQTOKvUT+ybPzWUzXab0\nJOfSL4Nq5eYBodF9QCBc83IOXPpGCJZJp1CWmszDJoxZA2X54D2d3QS3Mn4J4Xvv\nQ1HiAAAAoMPjiBHD44gRAAAAE2VjZHNhLXNoYTItbmlzdHAyNTYAAAAIbmlzdHAy\nNTYAAABBBM4q9RP7Js/NZTNdpvQk59Ivg2rl5gGh0X1AIFzzcg5c+kYIlkmnUJaa\nzMMmjFkDZfngPZ3dBLcyfgnhe+9DUeIAAAAhAJjK/Egl2crn2/q9Yr5R3E11Lutc\nA7QXIPEswFc/8SS7AAAAAAECAwQFBgc=\n-----END OPENSSH PRIVATE KEY-----\n",
            "private_key_pem": "-----BEGIN EC PRIVATE KEY-----\nMHcCAQEEIJjK/Egl2crn2/q9Yr5R3E11LutcA7QXIPEswFc/8SS7oAoGCCqGSM49\nAwEHoUQDQgAEzir1E/smz81lM12m9CTn0i+DauXmAaHRfUAgXPNyDlz6RgiWSadQ\nlprMwyaMWQNl+eA9nd0EtzJ+CeF770NR4g==\n-----END EC PRIVATE KEY-----\n",
            "private_key_pem_pkcs8": "-----BEGIN PRIVATE KEY-----\nMIGHAgEAMBMGByqGSM49AgEGCCqGSM49AwEHBG0wawIBAQQgmMr8SCXZyufb+r1i\nvlHcTXUu61wDtBcg8SzAVz/xJLuhRANCAATOKvUT+ybPzWUzXab0JOfSL4Nq5eYB\nodF9QCBc83IOXPpGCJZJp1CWmszDJoxZA2X54D2d3QS3Mn4J4XvvQ1Hi\n-----END PRIVATE KEY-----\n",
            "public_key_fingerprint_md5": "a8:93:49:80:2a:c1:76:53:0c:91:42:d9:43:c9:63:b3",
            "public_key_fingerprint_sha256": "SHA256:NLLFw29Op7PGZls8UBOiuUe+V7IgRx879NrlR57ic3g",
            "public_key_openssh": "ecdsa-sha2-nistp256 AAAAE2VjZHNhLXNoYTItbmlzdHAyNTYAAAAIbmlzdHAyNTYAAABBBM4q9RP7Js/NZTNdpvQk59Ivg2rl5gGh0X1AIFzzcg5c+kYIlkmnUJaazMMmjFkDZfngPZ3dBLcyfgnhe+9DUeI=\n",
            "public_key_pem": "-----BEGIN PUBLIC KEY-----\nMFkwEwYHKoZIzj0CAQYIKoZIzj0DAQcDQgAEzir1E/smz81lM12m9CTn0i+DauXm\nAaHRfUAgXPNyDlz6RgiWSadQlprMwyaMWQNl+eA9nd0EtzJ+CeF770NR4g==\n-----END PUBLIC KEY-----\n",
            "rsa_bits": 2048
          },
          "sensitive_attributes": [
            [
              {
                "type": "get_attr",
                "value": "private_key_pem"
              }
            ],
            [
              {
                "type": "get_attr",
                "value": "private_key_pem_pkcs8"
              }
            ],
            [
              {
                "type": "get_attr",
                "value": "private_key_openssh"
              }
            ]
          ]
        },
        {
          "index_key": "vm-2",
          "schema_version": 1,
          "attributes": {
            "algorithm": "ECDSA",
            "ecdsa_curve": "P256",
            "id": "00819775da13f5b8eca1a9d13a1df2b3c1d0b370",
            "private_key_openssh": "-----BEGIN OPENSSH PRIVATE KEY-----\nb3BlbnNzaC1rZXktdjEAAAAABG5vbmUAAAAEbm9uZQAAAAAAAAABAAAAaAAAABNl\nY2RzYS1zaGEyLW5pc3RwMjU2AAAACG5pc3RwMjU2AAAAQQQ0vNYmIs8EQcAHKBg7\nVtsH49xn9FiYZn2ykS2Gc+rKSCXFf3qUapPTTdATE4xF1LYcipt+wx3P/lGD1u6J\n04g5AAAAmNBBGGvQQRhrAAAAE2VjZHNhLXNoYTItbmlzdHAyNTYAAAAIbmlzdHAy\nNTYAAABBBDS81iYizwRBwAcoGDtW2wfj3Gf0WJhmfbKRLYZz6spIJcV/epRqk9NN\n0BMTjEXUthyKm37DHc/+UYPW7onTiDkAAAAgagIHqlUVhpZRiC96jyxMYksSWO1B\nMhRaXbqBW3d9oYcAAAAA\n-----END OPENSSH PRIVATE KEY-----\n",
            "private_key_pem": "-----BEGIN EC PRIVATE KEY-----\nMHcCAQEEIGoCB6pVFYaWUYgveo8sTGJLEljtQTIUWl26gVt3faGHoAoGCCqGSM49\nAwEHoUQDQgAENLzWJiLPBEHABygYO1bbB+PcZ/RYmGZ9spEthnPqykglxX96lGqT\n003QExOMRdS2HIqbfsMdz/5Rg9buidOIOQ==\n-----END EC PRIVATE KEY-----\n",
            "private_key_pem_pkcs8": "-----BEGIN PRIVATE KEY-----\nMIGHAgEAMBMGByqGSM49AgEGCCqGSM49AwEHBG0wawIBAQQgagIHqlUVhpZRiC96\njyxMYksSWO1BMhRaXbqBW3d9oYehRANCAAQ0vNYmIs8EQcAHKBg7VtsH49xn9FiY\nZn2ykS2Gc+rKSCXFf3qUapPTTdATE4xF1LYcipt+wx3P/lGD1u6J04g5\n-----END PRIVATE KEY-----\n",
            "public_key_fingerprint_md5": "86:20:16:54:82:86:46:21:78:86:cf:a0:bb:27:d1:3d",
            "public_key_fingerprint_sha256": "SHA256:QkBfBYqhWXACVmCPsNXw13h0wEN5S1TfB8byVOdFsTE",
            "public_key_openssh": "ecdsa-sha2-nistp256 AAAAE2VjZHNhLXNoYTItbmlzdHAyNTYAAAAIbmlzdHAyNTYAAABBBDS81iYizwRBwAcoGDtW2wfj3Gf0WJhmfbKRLYZz6spIJcV/epRqk9NN0BMTjEXUthyKm37DHc/+UYPW7onTiDk=\n",
            "public_key_pem": "-----BEGIN PUBLIC KEY-----\nMFkwEwYHKoZIzj0CAQYIKoZIzj0DAQcDQgAENLzWJiLPBEHABygYO1bbB+PcZ/RY\nmGZ9spEthnPqykglxX96lGqT003QExOMRdS2HIqbfsMdz/5Rg9buidOIOQ==\n-----END PUBLIC KEY-----\n",
            "rsa_bits": 2048
          },
          "sensitive_attributes": [
            [
              {
                "type": "get_attr",
                "value": "private_key_pem_pkcs8"
              }
            ],
            [
              {
                "type": "get_attr",
                "value": "private_key_openssh"
              }
            ],
            [
              {
                "type": "get_attr",
                "value": "private_key_pem"
              }
            ]
          ]
        },
        {
          "index_key": "vm-3",
          "schema_version": 1,
          "attributes": {
            "algorithm": "ECDSA",
            "ecdsa_curve": "P256",
            "id": "3a7bed36dce18cb5de1ec1e7f060bdccc061c0f6",
            "private_key_openssh": "-----BEGIN OPENSSH PRIVATE KEY-----\nb3BlbnNzaC1rZXktdjEAAAAABG5vbmUAAAAEbm9uZQAAAAAAAAABAAAAaAAAABNl\nY2RzYS1zaGEyLW5pc3RwMjU2AAAACG5pc3RwMjU2AAAAQQTcZ0CdVo8FN/8atOwF\nG0Sf09hvq/NoeGiXi4vod0O/5pTQk2kpK8E/aP7bLzs+8W0xBAHRg1+IMEOB0/1h\nfBo2AAAAoBBYdzIQWHcyAAAAE2VjZHNhLXNoYTItbmlzdHAyNTYAAAAIbmlzdHAy\nNTYAAABBBNxnQJ1WjwU3/xq07AUbRJ/T2G+r82h4aJeLi+h3Q7/mlNCTaSkrwT9o\n/tsvOz7xbTEEAdGDX4gwQ4HT/WF8GjYAAAAhAPjkutPobm39C84OLWenARZa+aCv\nffWB3QSNdT7MtWB6AAAAAAECAwQFBgc=\n-----END OPENSSH PRIVATE KEY-----\n",
            "private_key_pem": "-----BEGIN EC PRIVATE KEY-----\nMHcCAQEEIPjkutPobm39C84OLWenARZa+aCvffWB3QSNdT7MtWB6oAoGCCqGSM49\nAwEHoUQDQgAE3GdAnVaPBTf/GrTsBRtEn9PYb6vzaHhol4uL6HdDv+aU0JNpKSvB\nP2j+2y87PvFtMQQB0YNfiDBDgdP9YXwaNg==\n-----END EC PRIVATE KEY-----\n",
            "private_key_pem_pkcs8": "-----BEGIN PRIVATE KEY-----\nMIGHAgEAMBMGByqGSM49AgEGCCqGSM49AwEHBG0wawIBAQQg+OS60+hubf0Lzg4t\nZ6cBFlr5oK999YHdBI11Psy1YHqhRANCAATcZ0CdVo8FN/8atOwFG0Sf09hvq/No\neGiXi4vod0O/5pTQk2kpK8E/aP7bLzs+8W0xBAHRg1+IMEOB0/1hfBo2\n-----END PRIVATE KEY-----\n",
            "public_key_fingerprint_md5": "41:2a:c1:c1:72:5f:30:6b:78:23:6b:37:df:5e:ef:98",
            "public_key_fingerprint_sha256": "SHA256:P9hxu+r9OVlnM1vYyN9V+4FPR2Qmu7VcqQe4Qlv3wmM",
            "public_key_openssh": "ecdsa-sha2-nistp256 AAAAE2VjZHNhLXNoYTItbmlzdHAyNTYAAAAIbmlzdHAyNTYAAABBBNxnQJ1WjwU3/xq07AUbRJ/T2G+r82h4aJeLi+h3Q7/mlNCTaSkrwT9o/tsvOz7xbTEEAdGDX4gwQ4HT/WF8GjY=\n",
            "public_key_pem": "-----BEGIN PUBLIC KEY-----\nMFkwEwYHKoZIzj0CAQYIKoZIzj0DAQcDQgAE3GdAnVaPBTf/GrTsBRtEn9PYb6vz\naHhol4uL6HdDv+aU0JNpKSvBP2j+2y87PvFtMQQB0YNfiDBDgdP9YXwaNg==\n-----END PUBLIC KEY-----\n",
            "rsa_bits": 2048
          },
          "sensitive_attributes": [
            [
              {
                "type": "get_attr",
                "value": "private_key_openssh"
              }
            ],
            [
              {
                "type": "get_attr",
                "value": "private_key_pem_pkcs8"
              }
            ],
            [
              {
                "type": "get_attr",
                "value": "private_key_pem"
              }
            ]
          ]
        }
      ]
    },
    {
      "mode": "managed",
      "type": "yandex_compute_disk",
      "name": "boot-disk",
      "provider": "provider[\"registry.terraform.io/yandex-cloud/yandex\"]",
      "instances": [
        {
          "index_key": "vm-1",
          "schema_version": 0,
          "attributes": {
            "allow_recreate": null,
            "block_size": 4096,
            "created_at": "2026-05-15T23:35:56Z",
            "description": "",
            "disk_placement_policy": [
              {
                "disk_placement_group_id": ""
              }
            ],
            "folder_id": "b1g24q1ulp9i1cnh14n5",
            "hardware_generation": [
              {
                "generation2_features": [],
                "legacy_features": [
                  {
                    "pci_topology": "PCI_TOPOLOGY_V2"
                  }
                ]
              }
            ],
            "id": "fhmka4ta7kms5plf904j",
            "image_id": "fd82sqrj4uk9j7vlki3q",
            "kms_key_id": null,
            "labels": null,
            "name": "ubuntu-24-disk-01",
            "product_ids": [
              "f2e4aq4hh07j6g7ncshp"
            ],
            "size": 20,
            "snapshot_id": "",
            "status": "ready",
            "timeouts": null,
            "type": "network-hdd",
            "zone": "ru-central1-a"
          },
          "sensitive_attributes": [],
          "private": "eyJlMmJmYjczMC1lY2FhLTExZTYtOGY4OC0zNDM2M2JjN2M0YzAiOnsiY3JlYXRlIjozMDAwMDAwMDAwMDAsImRlbGV0ZSI6MzAwMDAwMDAwMDAwLCJ1cGRhdGUiOjMwMDAwMDAwMDAwMH19"
        },
        {
          "index_key": "vm-2",
          "schema_version": 0,
          "attributes": {
            "allow_recreate": null,
            "block_size": 4096,
            "created_at": "2026-05-15T23:35:56Z",
            "description": "",
            "disk_placement_policy": [
              {
                "disk_placement_group_id": ""
              }
            ],
            "folder_id": "b1g24q1ulp9i1cnh14n5",
            "hardware_generation": [
              {
                "generation2_features": [],
                "legacy_features": [
                  {
                    "pci_topology": "PCI_TOPOLOGY_V2"
                  }
                ]
              }
            ],
            "id": "fhm5pfi0ckebkk1s18vp",
            "image_id": "fd82sqrj4uk9j7vlki3q",
            "kms_key_id": null,
            "labels": null,
            "name": "ubuntu-24-disk-02",
            "product_ids": [
              "f2e4aq4hh07j6g7ncshp"
            ],
            "size": 20,
            "snapshot_id": "",
            "status": "ready",
            "timeouts": null,
            "type": "network-hdd",
            "zone": "ru-central1-a"
          },
          "sensitive_attributes": [],
          "private": "eyJlMmJmYjczMC1lY2FhLTExZTYtOGY4OC0zNDM2M2JjN2M0YzAiOnsiY3JlYXRlIjozMDAwMDAwMDAwMDAsImRlbGV0ZSI6MzAwMDAwMDAwMDAwLCJ1cGRhdGUiOjMwMDAwMDAwMDAwMH19"
        },
        {
          "index_key": "vm-3",
          "schema_version": 0,
          "attributes": {
            "allow_recreate": null,
            "block_size": 4096,
            "created_at": "2026-05-15T23:35:56Z",
            "description": "",
            "disk_placement_policy": [
              {
                "disk_placement_group_id": ""
              }
            ],
            "folder_id": "b1g24q1ulp9i1cnh14n5",
            "hardware_generation": [
              {
                "generation2_features": [],
                "legacy_features": [
                  {
                    "pci_topology": "PCI_TOPOLOGY_V2"
                  }
                ]
              }
            ],
            "id": "fhm0tjtjdprir0rnmdag",
            "image_id": "fd82sqrj4uk9j7vlki3q",
            "kms_key_id": null,
            "labels": null,
            "name": "ubuntu-24-disk-03",
            "product_ids": [
              "f2e4aq4hh07j6g7ncshp"
            ],
            "size": 20,
            "snapshot_id": "",
            "status": "ready",
            "timeouts": null,
            "type": "network-hdd",
            "zone": "ru-central1-a"
          },
          "sensitive_attributes": [],
          "private": "eyJlMmJmYjczMC1lY2FhLTExZTYtOGY4OC0zNDM2M2JjN2M0YzAiOnsiY3JlYXRlIjozMDAwMDAwMDAwMDAsImRlbGV0ZSI6MzAwMDAwMDAwMDAwLCJ1cGRhdGUiOjMwMDAwMDAwMDAwMH19"
        }
      ]
    },
    {
      "mode": "managed",
      "type": "yandex_compute_instance",
      "name": "virtual_machine",
      "provider": "provider[\"registry.terraform.io/yandex-cloud/yandex\"]",
      "instances": [
        {
          "index_key": "vm-1",
          "schema_version": 1,
          "attributes": {
            "allow_recreate": null,
            "allow_stopping_for_update": null,
            "boot_disk": [
              {
                "auto_delete": true,
                "device_name": "fhmka4ta7kms5plf904j",
                "disk_id": "fhmka4ta7kms5plf904j",
                "initialize_params": [
                  {
                    "block_size": 4096,
                    "description": "",
                    "image_id": "fd82sqrj4uk9j7vlki3q",
                    "kms_key_id": "",
                    "name": "ubuntu-24-disk-01",
                    "size": 20,
                    "snapshot_id": "",
                    "type": "network-hdd"
                  }
                ],
                "mode": "READ_WRITE"
              }
            ],
            "created_at": "2026-05-15T23:36:08Z",
            "description": "",
            "filesystem": [],
            "folder_id": "b1g24q1ulp9i1cnh14n5",
            "fqdn": "fhmbovbff11m6hb3ft84.auto.internal",
            "gpu_cluster_id": "",
            "hardware_generation": [
              {
                "generation2_features": [],
                "legacy_features": [
                  {
                    "pci_topology": "PCI_TOPOLOGY_V2"
                  }
                ]
              }
            ],
            "hostname": "",
            "id": "fhmbovbff11m6hb3ft84",
            "labels": null,
            "local_disk": [],
            "maintenance_grace_period": "",
            "maintenance_policy": null,
            "metadata": {
              "ssh-keys": "ubuntu:ecdsa-sha2-nistp256 AAAAE2VjZHNhLXNoYTItbmlzdHAyNTYAAAAIbmlzdHAyNTYAAABBBM4q9RP7Js/NZTNdpvQk59Ivg2rl5gGh0X1AIFzzcg5c+kYIlkmnUJaazMMmjFkDZfngPZ3dBLcyfgnhe+9DUeI=\n"
            },
            "metadata_options": [
              {
                "aws_v1_http_endpoint": 1,
                "aws_v1_http_token": 2,
                "gce_http_endpoint": 1,
                "gce_http_token": 1
              }
            ],
            "name": "ubuntu-24-01",
            "network_acceleration_type": "standard",
            "network_interface": [
              {
                "dns_record": [],
                "index": 0,
                "ip_address": "192.168.10.6",
                "ipv4": true,
                "ipv6": false,
                "ipv6_address": "",
                "ipv6_dns_record": [],
                "mac_address": "d0:0d:bc:7d:6f:78",
                "nat": true,
                "nat_dns_record": [],
                "nat_ip_address": "51.250.66.203",
                "nat_ip_version": "IPV4",
                "security_group_ids": null,
                "subnet_id": "e9bs8nuehvpvh9o7l7bn"
              }
            ],
            "placement_policy": [
              {
                "host_affinity_rules": [],
                "placement_group_id": "",
                "placement_group_partition": 0
              }
            ],
            "platform_id": "standard-v1",
            "resources": [
              {
                "core_fraction": 100,
                "cores": 2,
                "gpus": 0,
                "memory": 2
              }
            ],
            "scheduling_policy": [
              {
                "preemptible": false
              }
            ],
            "secondary_disk": [],
            "service_account_id": "",
            "status": "running",
            "timeouts": null,
            "zone": "ru-central1-a"
          },
          "sensitive_attributes": [],
          "private": "eyJlMmJmYjczMC1lY2FhLTExZTYtOGY4OC0zNDM2M2JjN2M0YzAiOnsiY3JlYXRlIjozMDAwMDAwMDAwMDAsImRlbGV0ZSI6MzAwMDAwMDAwMDAwLCJ1cGRhdGUiOjMwMDAwMDAwMDAwMH0sInNjaGVtYV92ZXJzaW9uIjoiMSJ9",
          "dependencies": [
            "tls_private_key.ssh",
            "yandex_compute_disk.boot-disk",
            "yandex_vpc_network.network-1",
            "yandex_vpc_subnet.subnet-1"
          ]
        },
        {
          "index_key": "vm-2",
          "schema_version": 1,
          "attributes": {
            "allow_recreate": null,
            "allow_stopping_for_update": null,
            "boot_disk": [
              {
                "auto_delete": true,
                "device_name": "fhm5pfi0ckebkk1s18vp",
                "disk_id": "fhm5pfi0ckebkk1s18vp",
                "initialize_params": [
                  {
                    "block_size": 4096,
                    "description": "",
                    "image_id": "fd82sqrj4uk9j7vlki3q",
                    "kms_key_id": "",
                    "name": "ubuntu-24-disk-02",
                    "size": 20,
                    "snapshot_id": "",
                    "type": "network-hdd"
                  }
                ],
                "mode": "READ_WRITE"
              }
            ],
            "created_at": "2026-05-15T23:36:08Z",
            "description": "",
            "filesystem": [],
            "folder_id": "b1g24q1ulp9i1cnh14n5",
            "fqdn": "fhmdge9hp58tbvjiom3u.auto.internal",
            "gpu_cluster_id": "",
            "hardware_generation": [
              {
                "generation2_features": [],
                "legacy_features": [
                  {
                    "pci_topology": "PCI_TOPOLOGY_V2"
                  }
                ]
              }
            ],
            "hostname": "",
            "id": "fhmdge9hp58tbvjiom3u",
            "labels": null,
            "local_disk": [],
            "maintenance_grace_period": "",
            "maintenance_policy": null,
            "metadata": {
              "ssh-keys": "ubuntu:ecdsa-sha2-nistp256 AAAAE2VjZHNhLXNoYTItbmlzdHAyNTYAAAAIbmlzdHAyNTYAAABBBDS81iYizwRBwAcoGDtW2wfj3Gf0WJhmfbKRLYZz6spIJcV/epRqk9NN0BMTjEXUthyKm37DHc/+UYPW7onTiDk=\n"
            },
            "metadata_options": [
              {
                "aws_v1_http_endpoint": 1,
                "aws_v1_http_token": 2,
                "gce_http_endpoint": 1,
                "gce_http_token": 1
              }
            ],
            "name": "ubuntu-24-02",
            "network_acceleration_type": "standard",
            "network_interface": [
              {
                "dns_record": [],
                "index": 0,
                "ip_address": "192.168.10.19",
                "ipv4": true,
                "ipv6": false,
                "ipv6_address": "",
                "ipv6_dns_record": [],
                "mac_address": "d0:0d:d8:39:31:c9",
                "nat": true,
                "nat_dns_record": [],
                "nat_ip_address": "51.250.76.85",
                "nat_ip_version": "IPV4",
                "security_group_ids": null,
                "subnet_id": "e9bs8nuehvpvh9o7l7bn"
              }
            ],
            "placement_policy": [
              {
                "host_affinity_rules": [],
                "placement_group_id": "",
                "placement_group_partition": 0
              }
            ],
            "platform_id": "standard-v1",
            "resources": [
              {
                "core_fraction": 100,
                "cores": 2,
                "gpus": 0,
                "memory": 2
              }
            ],
            "scheduling_policy": [
              {
                "preemptible": false
              }
            ],
            "secondary_disk": [],
            "service_account_id": "",
            "status": "running",
            "timeouts": null,
            "zone": "ru-central1-a"
          },
          "sensitive_attributes": [],
          "private": "eyJlMmJmYjczMC1lY2FhLTExZTYtOGY4OC0zNDM2M2JjN2M0YzAiOnsiY3JlYXRlIjozMDAwMDAwMDAwMDAsImRlbGV0ZSI6MzAwMDAwMDAwMDAwLCJ1cGRhdGUiOjMwMDAwMDAwMDAwMH0sInNjaGVtYV92ZXJzaW9uIjoiMSJ9",
          "dependencies": [
            "tls_private_key.ssh",
            "yandex_compute_disk.boot-disk",
            "yandex_vpc_network.network-1",
            "yandex_vpc_subnet.subnet-1"
          ]
        },
        {
          "index_key": "vm-3",
          "schema_version": 1,
          "attributes": {
            "allow_recreate": null,
            "allow_stopping_for_update": null,
            "boot_disk": [
              {
                "auto_delete": true,
                "device_name": "fhm0tjtjdprir0rnmdag",
                "disk_id": "fhm0tjtjdprir0rnmdag",
                "initialize_params": [
                  {
                    "block_size": 4096,
                    "description": "",
                    "image_id": "fd82sqrj4uk9j7vlki3q",
                    "kms_key_id": "",
                    "name": "ubuntu-24-disk-03",
                    "size": 20,
                    "snapshot_id": "",
                    "type": "network-hdd"
                  }
                ],
                "mode": "READ_WRITE"
              }
            ],
            "created_at": "2026-05-15T23:36:08Z",
            "description": "",
            "filesystem": [],
            "folder_id": "b1g24q1ulp9i1cnh14n5",
            "fqdn": "fhmkfco7ej3c2h0gsuri.auto.internal",
            "gpu_cluster_id": "",
            "hardware_generation": [
              {
                "generation2_features": [],
                "legacy_features": [
                  {
                    "pci_topology": "PCI_TOPOLOGY_V2"
                  }
                ]
              }
            ],
            "hostname": "",
            "id": "fhmkfco7ej3c2h0gsuri",
            "labels": null,
            "local_disk": [],
            "maintenance_grace_period": "",
            "maintenance_policy": null,
            "metadata": {
              "ssh-keys": "ubuntu:ecdsa-sha2-nistp256 AAAAE2VjZHNhLXNoYTItbmlzdHAyNTYAAAAIbmlzdHAyNTYAAABBBNxnQJ1WjwU3/xq07AUbRJ/T2G+r82h4aJeLi+h3Q7/mlNCTaSkrwT9o/tsvOz7xbTEEAdGDX4gwQ4HT/WF8GjY=\n"
            },
            "metadata_options": [
              {
                "aws_v1_http_endpoint": 1,
                "aws_v1_http_token": 2,
                "gce_http_endpoint": 1,
                "gce_http_token": 1
              }
            ],
            "name": "ubuntu-24-03",
            "network_acceleration_type": "standard",
            "network_interface": [
              {
                "dns_record": [],
                "index": 0,
                "ip_address": "192.168.10.31",
                "ipv4": true,
                "ipv6": false,
                "ipv6_address": "",
                "ipv6_dns_record": [],
                "mac_address": "d0:0d:14:7b:30:77",
                "nat": true,
                "nat_dns_record": [],
                "nat_ip_address": "51.250.8.23",
                "nat_ip_version": "IPV4",
                "security_group_ids": null,
                "subnet_id": "e9bs8nuehvpvh9o7l7bn"
              }
            ],
            "placement_policy": [
              {
                "host_affinity_rules": [],
                "placement_group_id": "",
                "placement_group_partition": 0
              }
            ],
            "platform_id": "standard-v1",
            "resources": [
              {
                "core_fraction": 100,
                "cores": 2,
                "gpus": 0,
                "memory": 2
              }
            ],
            "scheduling_policy": [
              {
                "preemptible": false
              }
            ],
            "secondary_disk": [],
            "service_account_id": "",
            "status": "running",
            "timeouts": null,
            "zone": "ru-central1-a"
          },
          "sensitive_attributes": [],
          "private": "eyJlMmJmYjczMC1lY2FhLTExZTYtOGY4OC0zNDM2M2JjN2M0YzAiOnsiY3JlYXRlIjozMDAwMDAwMDAwMDAsImRlbGV0ZSI6MzAwMDAwMDAwMDAwLCJ1cGRhdGUiOjMwMDAwMDAwMDAwMH0sInNjaGVtYV92ZXJzaW9uIjoiMSJ9",
          "dependencies": [
            "tls_private_key.ssh",
            "yandex_compute_disk.boot-disk",
            "yandex_vpc_network.network-1",
            "yandex_vpc_subnet.subnet-1"
          ]
        }
      ]
    },
    {
      "mode": "managed",
      "type": "yandex_vpc_network",
      "name": "network-1",
      "provider": "provider[\"registry.terraform.io/yandex-cloud/yandex\"]",
      "instances": [
        {
          "schema_version": 0,
          "attributes": {
            "created_at": "2026-05-15T23:35:56Z",
            "default_security_group_id": "enps6v3s35nvuroh3if8",
            "description": "",
            "folder_id": "b1g24q1ulp9i1cnh14n5",
            "id": "enpomoc24ulj7pb9gf28",
            "labels": {},
            "name": "network1",
            "subnet_ids": [],
            "timeouts": null
          },
          "sensitive_attributes": [],
          "private": "eyJlMmJmYjczMC1lY2FhLTExZTYtOGY4OC0zNDM2M2JjN2M0YzAiOnsiY3JlYXRlIjo2MDAwMDAwMDAwMCwiZGVsZXRlIjo2MDAwMDAwMDAwMCwidXBkYXRlIjo2MDAwMDAwMDAwMH19"
        }
      ]
    },
    {
      "mode": "managed",
      "type": "yandex_vpc_subnet",
      "name": "subnet-1",
      "provider": "provider[\"registry.terraform.io/yandex-cloud/yandex\"]",
      "instances": [
        {
          "schema_version": 0,
          "attributes": {
            "created_at": "2026-05-15T23:35:58Z",
            "description": "",
            "dhcp_options": [],
            "folder_id": "b1g24q1ulp9i1cnh14n5",
            "id": "e9bs8nuehvpvh9o7l7bn",
            "labels": {},
            "name": "subnet1",
            "network_id": "enpomoc24ulj7pb9gf28",
            "route_table_id": "",
            "timeouts": null,
            "v4_cidr_blocks": [
              "192.168.10.0/24"
            ],
            "v6_cidr_blocks": [],
            "zone": "ru-central1-a"
          },
          "sensitive_attributes": [],
          "private": "eyJlMmJmYjczMC1lY2FhLTExZTYtOGY4OC0zNDM2M2JjN2M0YzAiOnsiY3JlYXRlIjoxODAwMDAwMDAwMDAsImRlbGV0ZSI6MTgwMDAwMDAwMDAwLCJ1cGRhdGUiOjE4MDAwMDAwMDAwMH19",
          "dependencies": [
            "yandex_vpc_network.network-1"
          ]
        }
      ]
    }
  ],
  "check_results": null
}
